// !$*UTF8*$!
{
	archiveVersion = 1;
	classes = {
	};
	objectVersion = 50;
	objects = {

/* Begin PBXBuildFile section */
		113CB08C249FF11000943824 /* AppDelegate.swift in Sources */ = {isa = PBXBuildFile; fileRef = 113CB08B249FF11000943824 /* AppDelegate.swift */; };
		113CB08E249FF11000943824 /* SceneDelegate.swift in Sources */ = {isa = PBXBuildFile; fileRef = 113CB08D249FF11000943824 /* SceneDelegate.swift */; };
		113CB090249FF11000943824 /* LandmarkDetails.swift in Sources */ = {isa = PBXBuildFile; fileRef = 113CB08F249FF11000943824 /* LandmarkDetails.swift */; };
		113CB092249FF11200943824 /* Assets.xcassets in Resources */ = {isa = PBXBuildFile; fileRef = 113CB091249FF11200943824 /* Assets.xcassets */; };
		113CB095249FF11200943824 /* Preview Assets.xcassets in Resources */ = {isa = PBXBuildFile; fileRef = 113CB094249FF11200943824 /* Preview Assets.xcassets */; };
		113CB098249FF11200943824 /* LaunchScreen.storyboard in Resources */ = {isa = PBXBuildFile; fileRef = 113CB096249FF11200943824 /* LaunchScreen.storyboard */; };
		113CB0A0249FF9D300943824 /* CircleImage.swift in Sources */ = {isa = PBXBuildFile; fileRef = 113CB09F249FF9D300943824 /* CircleImage.swift */; };
		113CB0A2249FFBA800943824 /* MapView.swift in Sources */ = {isa = PBXBuildFile; fileRef = 113CB0A1249FFBA800943824 /* MapView.swift */; };
		113CB0A424A003EA00943824 /* Landmark.swift in Sources */ = {isa = PBXBuildFile; fileRef = 113CB0A324A003EA00943824 /* Landmark.swift */; };
		113CB0A724A0065F00943824 /* Data.swift in Sources */ = {isa = PBXBuildFile; fileRef = 113CB0A624A0065F00943824 /* Data.swift */; };
		113CB0AA24A006BA00943824 /* landmarkData.json in Resources */ = {isa = PBXBuildFile; fileRef = 113CB0A924A006BA00943824 /* landmarkData.json */; };
		113CB0AD24A00FC700943824 /* LandmarkRow.swift in Sources */ = {isa = PBXBuildFile; fileRef = 113CB0AC24A00FC700943824 /* LandmarkRow.swift */; };
		11ABDE2524A011F400D97154 /* silversalmoncreek.jpg in Resources */ = {isa = PBXBuildFile; fileRef = 11ABDE1924A011F400D97154 /* silversalmoncreek.jpg */; };
		11ABDE2624A011F400D97154 /* stmarylake.jpg in Resources */ = {isa = PBXBuildFile; fileRef = 11ABDE1A24A011F400D97154 /* stmarylake.jpg */; };
		11ABDE2724A011F400D97154 /* yukon_charleyrivers.jpg in Resources */ = {isa = PBXBuildFile; fileRef = 11ABDE1B24A011F400D97154 /* yukon_charleyrivers.jpg */; };
		11ABDE2824A011F400D97154 /* umbagog.jpg in Resources */ = {isa = PBXBuildFile; fileRef = 11ABDE1C24A011F400D97154 /* umbagog.jpg */; };
		11ABDE2924A011F400D97154 /* lakemcdonald.jpg in Resources */ = {isa = PBXBuildFile; fileRef = 11ABDE1D24A011F400D97154 /* lakemcdonald.jpg */; };
		11ABDE2A24A011F400D97154 /* chincoteague.jpg in Resources */ = {isa = PBXBuildFile; fileRef = 11ABDE1E24A011F400D97154 /* chincoteague.jpg */; };
		11ABDE2B24A011F400D97154 /* rainbowlake.jpg in Resources */ = {isa = PBXBuildFile; fileRef = 11ABDE1F24A011F400D97154 /* rainbowlake.jpg */; };
		11ABDE2C24A011F400D97154 /* chilkoottrail.jpg in Resources */ = {isa = PBXBuildFile; fileRef = 11ABDE2024A011F400D97154 /* chilkoottrail.jpg */; };
		11ABDE2D24A011F400D97154 /* turtlerock.jpg in Resources */ = {isa = PBXBuildFile; fileRef = 11ABDE2124A011F400D97154 /* turtlerock.jpg */; };
		11ABDE2E24A011F400D97154 /* icybay.jpg in Resources */ = {isa = PBXBuildFile; fileRef = 11ABDE2224A011F400D97154 /* icybay.jpg */; };
		11ABDE2F24A011F400D97154 /* twinlake.jpg in Resources */ = {isa = PBXBuildFile; fileRef = 11ABDE2324A011F400D97154 /* twinlake.jpg */; };
		11ABDE3024A011F400D97154 /* hiddenlake.jpg in Resources */ = {isa = PBXBuildFile; fileRef = 11ABDE2424A011F400D97154 /* hiddenlake.jpg */; };
		11ABDE3224A012EF00D97154 /* LandmarkList.swift in Sources */ = {isa = PBXBuildFile; fileRef = 11ABDE3124A012EF00D97154 /* LandmarkList.swift */; };
/* End PBXBuildFile section */

/* Begin PBXFileReference section */
		113CB088249FF11000943824 /* Landmarks.app */ = {isa = PBXFileReference; explicitFileType = wrapper.application; includeInIndex = 0; path = Landmarks.app; sourceTree = BUILT_PRODUCTS_DIR; };
		113CB08B249FF11000943824 /* AppDelegate.swift */ = {isa = PBXFileReference; lastKnownFileType = sourcecode.swift; path = AppDelegate.swift; sourceTree = "<group>"; };
		113CB08D249FF11000943824 /* SceneDelegate.swift */ = {isa = PBXFileReference; lastKnownFileType = sourcecode.swift; path = SceneDelegate.swift; sourceTree = "<group>"; };
		113CB08F249FF11000943824 /* LandmarkDetails.swift */ = {isa = PBXFileReference; lastKnownFileType = sourcecode.swift; path = LandmarkDetails.swift; sourceTree = "<group>"; };
		113CB091249FF11200943824 /* Assets.xcassets */ = {isa = PBXFileReference; lastKnownFileType = folder.assetcatalog; path = Assets.xcassets; sourceTree = "<group>"; };
		113CB094249FF11200943824 /* Preview Assets.xcassets */ = {isa = PBXFileReference; lastKnownFileType = folder.assetcatalog; path = "Preview Assets.xcassets"; sourceTree = "<group>"; };
		113CB097249FF11200943824 /* Base */ = {isa = PBXFileReference; lastKnownFileType = file.storyboard; name = Base; path = Base.lproj/LaunchScreen.storyboard; sourceTree = "<group>"; };
		113CB099249FF11200943824 /* Info.plist */ = {isa = PBXFileReference; lastKnownFileType = text.plist.xml; path = Info.plist; sourceTree = "<group>"; };
		113CB09F249FF9D300943824 /* CircleImage.swift */ = {isa = PBXFileReference; lastKnownFileType = sourcecode.swift; path = CircleImage.swift; sourceTree = "<group>"; };
		113CB0A1249FFBA800943824 /* MapView.swift */ = {isa = PBXFileReference; lastKnownFileType = sourcecode.swift; path = MapView.swift; sourceTree = "<group>"; };
		113CB0A324A003EA00943824 /* Landmark.swift */ = {isa = PBXFileReference; fileEncoding = 4; lastKnownFileType = sourcecode.swift; path = Landmark.swift; sourceTree = "<group>"; };
		113CB0A624A0065F00943824 /* Data.swift */ = {isa = PBXFileReference; fileEncoding = 4; lastKnownFileType = sourcecode.swift; path = Data.swift; sourceTree = "<group>"; };
		113CB0A924A006BA00943824 /* landmarkData.json */ = {isa = PBXFileReference; fileEncoding = 4; lastKnownFileType = text.json; path = landmarkData.json; sourceTree = "<group>"; };
		113CB0AC24A00FC700943824 /* LandmarkRow.swift */ = {isa = PBXFileReference; lastKnownFileType = sourcecode.swift; path = LandmarkRow.swift; sourceTree = "<group>"; };
		11ABDE1924A011F400D97154 /* silversalmoncreek.jpg */ = {isa = PBXFileReference; lastKnownFileType = image.jpeg; path = silversalmoncreek.jpg; sourceTree = "<group>"; };
		11ABDE1A24A011F400D97154 /* stmarylake.jpg */ = {isa = PBXFileReference; lastKnownFileType = image.jpeg; path = stmarylake.jpg; sourceTree = "<group>"; };
		11ABDE1B24A011F400D97154 /* yukon_charleyrivers.jpg */ = {isa = PBXFileReference; lastKnownFileType = image.jpeg; path = yukon_charleyrivers.jpg; sourceTree = "<group>"; };
		11ABDE1C24A011F400D97154 /* umbagog.jpg */ = {isa = PBXFileReference; lastKnownFileType = image.jpeg; path = umbagog.jpg; sourceTree = "<group>"; };
		11ABDE1D24A011F400D97154 /* lakemcdonald.jpg */ = {isa = PBXFileReference; lastKnownFileType = image.jpeg; path = lakemcdonald.jpg; sourceTree = "<group>"; };
		11ABDE1E24A011F400D97154 /* chincoteague.jpg */ = {isa = PBXFileReference; lastKnownFileType = image.jpeg; path = chincoteague.jpg; sourceTree = "<group>"; };
		11ABDE1F24A011F400D97154 /* rainbowlake.jpg */ = {isa = PBXFileReference; lastKnownFileType = image.jpeg; path = rainbowlake.jpg; sourceTree = "<group>"; };
		11ABDE2024A011F400D97154 /* chilkoottrail.jpg */ = {isa = PBXFileReference; lastKnownFileType = image.jpeg; path = chilkoottrail.jpg; sourceTree = "<group>"; };
		11ABDE2124A011F400D97154 /* turtlerock.jpg */ = {isa = PBXFileReference; lastKnownFileType = image.jpeg; path = turtlerock.jpg; sourceTree = "<group>"; };
		11ABDE2224A011F400D97154 /* icybay.jpg */ = {isa = PBXFileReference; lastKnownFileType = image.jpeg; path = icybay.jpg; sourceTree = "<group>"; };
		11ABDE2324A011F400D97154 /* twinlake.jpg */ = {isa = PBXFileReference; lastKnownFileType = image.jpeg; path = twinlake.jpg; sourceTree = "<group>"; };
		11ABDE2424A011F400D97154 /* hiddenlake.jpg */ = {isa = PBXFileReference; lastKnownFileType = image.jpeg; path = hiddenlake.jpg; sourceTree = "<group>"; };
		11ABDE3124A012EF00D97154 /* LandmarkList.swift */ = {isa = PBXFileReference; lastKnownFileType = sourcecode.swift; path = LandmarkList.swift; sourceTree = "<group>"; };
/* End PBXFileReference section */

/* Begin PBXFrameworksBuildPhase section */
		113CB085249FF11000943824 /* Frameworks */ = {
			isa = PBXFrameworksBuildPhase;
			buildActionMask = 2147483647;
			files = (
			);
			runOnlyForDeploymentPostprocessing = 0;
		};
/* End PBXFrameworksBuildPhase section */

/* Begin PBXGroup section */
		113CB07F249FF11000943824 = {
			isa = PBXGroup;
			children = (
				113CB08A249FF11000943824 /* Landmarks */,
				113CB089249FF11000943824 /* Products */,
			);
			sourceTree = "<group>";
		};
		113CB089249FF11000943824 /* Products */ = {
			isa = PBXGroup;
			children = (
				113CB088249FF11000943824 /* Landmarks.app */,
			);
			name = Products;
			sourceTree = "<group>";
		};
		113CB08A249FF11000943824 /* Landmarks */ = {
			isa = PBXGroup;
			children = (
				113CB099249FF11200943824 /* Info.plist */,
				113CB08B249FF11000943824 /* AppDelegate.swift */,
				113CB08F249FF11000943824 /* LandmarkDetails.swift */,
				11ABDE3124A012EF00D97154 /* LandmarkList.swift */,
				113CB0AC24A00FC700943824 /* LandmarkRow.swift */,
				113CB08D249FF11000943824 /* SceneDelegate.swift */,
				113CB091249FF11200943824 /* Assets.xcassets */,
				113CB096249FF11200943824 /* LaunchScreen.storyboard */,
				113CB0A524A003F000943824 /* Models */,
				113CB093249FF11200943824 /* Preview Content */,
				113CB0A824A0066D00943824 /* Resources */,
				113CB0AB24A00F8900943824 /* Supporting Views */,
			);
			path = Landmarks;
			sourceTree = "<group>";
		};
		113CB093249FF11200943824 /* Preview Content */ = {
			isa = PBXGroup;
			children = (
				113CB094249FF11200943824 /* Preview Assets.xcassets */,
			);
			path = "Preview Content";
			sourceTree = "<group>";
		};
		113CB0A524A003F000943824 /* Models */ = {
			isa = PBXGroup;
			children = (
				113CB0A624A0065F00943824 /* Data.swift */,
				113CB0A324A003EA00943824 /* Landmark.swift */,
			);
			path = Models;
			sourceTree = "<group>";
		};
		113CB0A824A0066D00943824 /* Resources */ = {
			isa = PBXGroup;
			children = (
				11ABDE2024A011F400D97154 /* chilkoottrail.jpg */,
				11ABDE1E24A011F400D97154 /* chincoteague.jpg */,
				11ABDE2424A011F400D97154 /* hiddenlake.jpg */,
				11ABDE2224A011F400D97154 /* icybay.jpg */,
				11ABDE1D24A011F400D97154 /* lakemcdonald.jpg */,
				11ABDE1F24A011F400D97154 /* rainbowlake.jpg */,
				11ABDE1924A011F400D97154 /* silversalmoncreek.jpg */,
				11ABDE1A24A011F400D97154 /* stmarylake.jpg */,
				11ABDE2124A011F400D97154 /* turtlerock.jpg */,
				11ABDE2324A011F400D97154 /* twinlake.jpg */,
				11ABDE1C24A011F400D97154 /* umbagog.jpg */,
				11ABDE1B24A011F400D97154 /* yukon_charleyrivers.jpg */,
				113CB0A924A006BA00943824 /* landmarkData.json */,
			);
			path = Resources;
			sourceTree = "<group>";
		};
		113CB0AB24A00F8900943824 /* Supporting Views */ = {
			isa = PBXGroup;
			children = (
				113CB09F249FF9D300943824 /* CircleImage.swift */,
				113CB0A1249FFBA800943824 /* MapView.swift */,
			);
			path = "Supporting Views";
			sourceTree = "<group>";
		};
/* End PBXGroup section */

/* Begin PBXNativeTarget section */
		113CB087249FF11000943824 /* Landmarks */ = {
			isa = PBXNativeTarget;
			buildConfigurationList = 113CB09C249FF11200943824 /* Build configuration list for PBXNativeTarget "Landmarks" */;
			buildPhases = (
				113CB084249FF11000943824 /* Sources */,
				113CB085249FF11000943824 /* Frameworks */,
				113CB086249FF11000943824 /* Resources */,
			);
			buildRules = (
			);
			dependencies = (
			);
			name = Landmarks;
			productName = Landmarks;
			productReference = 113CB088249FF11000943824 /* Landmarks.app */;
			productType = "com.apple.product-type.application";
		};
/* End PBXNativeTarget section */

/* Begin PBXProject section */
		113CB080249FF11000943824 /* Project object */ = {
			isa = PBXProject;
			attributes = {
				LastSwiftUpdateCheck = 1150;
				LastUpgradeCheck = 1150;
				ORGANIZATIONNAME = "Александр Андреев";
				TargetAttributes = {
					113CB087249FF11000943824 = {
						CreatedOnToolsVersion = 11.5;
					};
				};
			};
			buildConfigurationList = 113CB083249FF11000943824 /* Build configuration list for PBXProject "Landmarks" */;
			compatibilityVersion = "Xcode 9.3";
			developmentRegion = en;
			hasScannedForEncodings = 0;
			knownRegions = (
				en,
				Base,
			);
			mainGroup = 113CB07F249FF11000943824;
			productRefGroup = 113CB089249FF11000943824 /* Products */;
			projectDirPath = "";
			projectRoot = "";
			targets = (
				113CB087249FF11000943824 /* Landmarks */,
			);
		};
/* End PBXProject section */

/* Begin PBXResourcesBuildPhase section */
		113CB086249FF11000943824 /* Resources */ = {
			isa = PBXResourcesBuildPhase;
			buildActionMask = 2147483647;
			files = (
				11ABDE2D24A011F400D97154 /* turtlerock.jpg in Resources */,
				11ABDE2B24A011F400D97154 /* rainbowlake.jpg in Resources */,
				11ABDE2C24A011F400D97154 /* chilkoottrail.jpg in Resources */,
				11ABDE2724A011F400D97154 /* yukon_charleyrivers.jpg in Resources */,
				11ABDE2624A011F400D97154 /* stmarylake.jpg in Resources */,
				11ABDE2524A011F400D97154 /* silversalmoncreek.jpg in Resources */,
				11ABDE3024A011F400D97154 /* hiddenlake.jpg in Resources */,
				11ABDE2F24A011F400D97154 /* twinlake.jpg in Resources */,
				11ABDE2924A011F400D97154 /* lakemcdonald.jpg in Resources */,
				11ABDE2A24A011F400D97154 /* chincoteague.jpg in Resources */,
				113CB098249FF11200943824 /* LaunchScreen.storyboard in Resources */,
				11ABDE2824A011F400D97154 /* umbagog.jpg in Resources */,
				113CB0AA24A006BA00943824 /* landmarkData.json in Resources */,
				113CB095249FF11200943824 /* Preview Assets.xcassets in Resources */,
				11ABDE2E24A011F400D97154 /* icybay.jpg in Resources */,
				113CB092249FF11200943824 /* Assets.xcassets in Resources */,
			);
			runOnlyForDeploymentPostprocessing = 0;
		};
/* End PBXResourcesBuildPhase section */

/* Begin PBXSourcesBuildPhase section */
		113CB084249FF11000943824 /* Sources */ = {
			isa = PBXSourcesBuildPhase;
			buildActionMask = 2147483647;
			files = (
				113CB0A724A0065F00943824 /* Data.swift in Sources */,
				113CB08C249FF11000943824 /* AppDelegate.swift in Sources */,
				113CB0A0249FF9D300943824 /* CircleImage.swift in Sources */,
				113CB0A2249FFBA800943824 /* MapView.swift in Sources */,
				11ABDE3224A012EF00D97154 /* LandmarkList.swift in Sources */,
				113CB08E249FF11000943824 /* SceneDelegate.swift in Sources */,
				113CB090249FF11000943824 /* LandmarkDetails.swift in Sources */,
				113CB0AD24A00FC700943824 /* LandmarkRow.swift in Sources */,
				113CB0A424A003EA00943824 /* Landmark.swift in Sources */,
			);
			runOnlyForDeploymentPostprocessing = 0;
		};
/* End PBXSourcesBuildPhase section */

/* Begin PBXVariantGroup section */
		113CB096249FF11200943824 /* LaunchScreen.storyboard */ = {
			isa = PBXVariantGroup;
			children = (
				113CB097249FF11200943824 /* Base */,
			);
			name = LaunchScreen.storyboard;
			sourceTree = "<group>";
		};
/* End PBXVariantGroup section */

/* Begin XCBuildConfiguration section */
		113CB09A249FF11200943824 /* Debug */ = {
			isa = XCBuildConfiguration;
			buildSettings = {
				ALWAYS_SEARCH_USER_PATHS = NO;
				CLANG_ANALYZER_NONNULL = YES;
				CLANG_ANALYZER_NUMBER_OBJECT_CONVERSION = YES_AGGRESSIVE;
				CLANG_CXX_LANGUAGE_STANDARD = "gnu++14";
				CLANG_CXX_LIBRARY = "libc++";
				CLANG_ENABLE_MODULES = YES;
				CLANG_ENABLE_OBJC_ARC = YES;
				CLANG_ENABLE_OBJC_WEAK = YES;
				CLANG_WARN_BLOCK_CAPTURE_AUTORELEASING = YES;
				CLANG_WARN_BOOL_CONVERSION = YES;
				CLANG_WARN_COMMA = YES;
				CLANG_WARN_CONSTANT_CONVERSION = YES;
				CLANG_WARN_DEPRECATED_OBJC_IMPLEMENTATIONS = YES;
				CLANG_WARN_DIRECT_OBJC_ISA_USAGE = YES_ERROR;
				CLANG_WARN_DOCUMENTATION_COMMENTS = YES;
				CLANG_WARN_EMPTY_BODY = YES;
				CLANG_WARN_ENUM_CONVERSION = YES;
				CLANG_WARN_INFINITE_RECURSION = YES;
				CLANG_WARN_INT_CONVERSION = YES;
				CLANG_WARN_NON_LITERAL_NULL_CONVERSION = YES;
				CLANG_WARN_OBJC_IMPLICIT_RETAIN_SELF = YES;
				CLANG_WARN_OBJC_LITERAL_CONVERSION = YES;
				CLANG_WARN_OBJC_ROOT_CLASS = YES_ERROR;
				CLANG_WARN_RANGE_LOOP_ANALYSIS = YES;
				CLANG_WARN_STRICT_PROTOTYPES = YES;
				CLANG_WARN_SUSPICIOUS_MOVE = YES;
				CLANG_WARN_UNGUARDED_AVAILABILITY = YES_AGGRESSIVE;
				CLANG_WARN_UNREACHABLE_CODE = YES;
				CLANG_WARN__DUPLICATE_METHOD_MATCH = YES;
				COPY_PHASE_STRIP = NO;
				DEBUG_INFORMATION_FORMAT = dwarf;
				ENABLE_STRICT_OBJC_MSGSEND = YES;
				ENABLE_TESTABILITY = YES;
				GCC_C_LANGUAGE_STANDARD = gnu11;
				GCC_DYNAMIC_NO_PIC = NO;
				GCC_NO_COMMON_BLOCKS = YES;
				GCC_OPTIMIZATION_LEVEL = 0;
				GCC_PREPROCESSOR_DEFINITIONS = (
					"DEBUG=1",
					"$(inherited)",
				);
				GCC_WARN_64_TO_32_BIT_CONVERSION = YES;
				GCC_WARN_ABOUT_RETURN_TYPE = YES_ERROR;
				GCC_WARN_UNDECLARED_SELECTOR = YES;
				GCC_WARN_UNINITIALIZED_AUTOS = YES_AGGRESSIVE;
				GCC_WARN_UNUSED_FUNCTION = YES;
				GCC_WARN_UNUSED_VARIABLE = YES;
				IPHONEOS_DEPLOYMENT_TARGET = 13.5;
				MTL_ENABLE_DEBUG_INFO = INCLUDE_SOURCE;
				MTL_FAST_MATH = YES;
				ONLY_ACTIVE_ARCH = YES;
				SDKROOT = iphoneos;
				SWIFT_ACTIVE_COMPILATION_CONDITIONS = DEBUG;
				SWIFT_OPTIMIZATION_LEVEL = "-Onone";
			};
			name = Debug;
		};
		113CB09B249FF11200943824 /* Release */ = {
			isa = XCBuildConfiguration;
			buildSettings = {
				ALWAYS_SEARCH_USER_PATHS = NO;
				CLANG_ANALYZER_NONNULL = YES;
				CLANG_ANALYZER_NUMBER_OBJECT_CONVERSION = YES_AGGRESSIVE;
				CLANG_CXX_LANGUAGE_STANDARD = "gnu++14";
				CLANG_CXX_LIBRARY = "libc++";
				CLANG_ENABLE_MODULES = YES;
				CLANG_ENABLE_OBJC_ARC = YES;
				CLANG_ENABLE_OBJC_WEAK = YES;
				CLANG_WARN_BLOCK_CAPTURE_AUTORELEASING = YES;
				CLANG_WARN_BOOL_CONVERSION = YES;
				CLANG_WARN_COMMA = YES;
				CLANG_WARN_CONSTANT_CONVERSION = YES;
				CLANG_WARN_DEPRECATED_OBJC_IMPLEMENTATIONS = YES;
				CLANG_WARN_DIRECT_OBJC_ISA_USAGE = YES_ERROR;
				CLANG_WARN_DOCUMENTATION_COMMENTS = YES;
				CLANG_WARN_EMPTY_BODY = YES;
				CLANG_WARN_ENUM_CONVERSION = YES;
				CLANG_WARN_INFINITE_RECURSION = YES;
				CLANG_WARN_INT_CONVERSION = YES;
				CLANG_WARN_NON_LITERAL_NULL_CONVERSION = YES;
				CLANG_WARN_OBJC_IMPLICIT_RETAIN_SELF = YES;
				CLANG_WARN_OBJC_LITERAL_CONVERSION = YES;
				CLANG_WARN_OBJC_ROOT_CLASS = YES_ERROR;
				CLANG_WARN_RANGE_LOOP_ANALYSIS = YES;
				CLANG_WARN_STRICT_PROTOTYPES = YES;
				CLANG_WARN_SUSPICIOUS_MOVE = YES;
				CLANG_WARN_UNGUARDED_AVAILABILITY = YES_AGGRESSIVE;
				CLANG_WARN_UNREACHABLE_CODE = YES;
				CLANG_WARN__DUPLICATE_METHOD_MATCH = YES;
				COPY_PHASE_STRIP = NO;
				DEBUG_INFORMATION_FORMAT = "dwarf-with-dsym";
				ENABLE_NS_ASSERTIONS = NO;
				ENABLE_STRICT_OBJC_MSGSEND = YES;
				GCC_C_LANGUAGE_STANDARD = gnu11;
				GCC_NO_COMMON_BLOCKS = YES;
				GCC_WARN_64_TO_32_BIT_CONVERSION = YES;
				GCC_WARN_ABOUT_RETURN_TYPE = YES_ERROR;
				GCC_WARN_UNDECLARED_SELECTOR = YES;
				GCC_WARN_UNINITIALIZED_AUTOS = YES_AGGRESSIVE;
				GCC_WARN_UNUSED_FUNCTION = YES;
				GCC_WARN_UNUSED_VARIABLE = YES;
				IPHONEOS_DEPLOYMENT_TARGET = 13.5;
				MTL_ENABLE_DEBUG_INFO = NO;
				MTL_FAST_MATH = YES;
				SDKROOT = iphoneos;
				SWIFT_COMPILATION_MODE = wholemodule;
				SWIFT_OPTIMIZATION_LEVEL = "-O";
				VALIDATE_PRODUCT = YES;
			};
			name = Release;
		};
		113CB09D249FF11200943824 /* Debug */ = {
			isa = XCBuildConfiguration;
			buildSettings = {
				ASSETCATALOG_COMPILER_APPICON_NAME = AppIcon;
				CODE_SIGN_STYLE = Automatic;
				DEVELOPMENT_ASSET_PATHS = "\"Landmarks/Preview Content\"";
				DEVELOPMENT_TEAM = 3W93N9TV32;
				ENABLE_PREVIEWS = YES;
				INFOPLIST_FILE = Landmarks/Info.plist;
				LD_RUNPATH_SEARCH_PATHS = (
					"$(inherited)",
					"@executable_path/Frameworks",
				);
				PRODUCT_BUNDLE_IDENTIFIER = com.andreev.ae.Landmarks;
				PRODUCT_NAME = "$(TARGET_NAME)";
				SWIFT_VERSION = 5.0;
				TARGETED_DEVICE_FAMILY = "1,2";
			};
			name = Debug;
		};
		113CB09E249FF11200943824 /* Release */ = {
			isa = XCBuildConfiguration;
			buildSettings = {
				ASSETCATALOG_COMPILER_APPICON_NAME = AppIcon;
				CODE_SIGN_STYLE = Automatic;
				DEVELOPMENT_ASSET_PATHS = "\"Landmarks/Preview Content\"";
				DEVELOPMENT_TEAM = 3W93N9TV32;
				ENABLE_PREVIEWS = YES;
				INFOPLIST_FILE = Landmarks/Info.plist;
				LD_RUNPATH_SEARCH_PATHS = (
					"$(inherited)",
					"@executable_path/Frameworks",
				);
				PRODUCT_BUNDLE_IDENTIFIER = com.andreev.ae.Landmarks;
				PRODUCT_NAME = "$(TARGET_NAME)";
				SWIFT_VERSION = 5.0;
				TARGETED_DEVICE_FAMILY = "1,2";
			};
			name = Release;
		};
/* End XCBuildConfiguration section */

/* Begin XCConfigurationList section */
		113CB083249FF11000943824 /* Build configuration list for PBXProject "Landmarks" */ = {
			isa = XCConfigurationList;
			buildConfigurations = (
				113CB09A249FF11200943824 /* Debug */,
				113CB09B249FF11200943824 /* Release */,
			);
			defaultConfigurationIsVisible = 0;
			defaultConfigurationName = Release;
		};
		113CB09C249FF11200943824 /* Build configuration list for PBXNativeTarget "Landmarks" */ = {
			isa = XCConfigurationList;
			buildConfigurations = (
				113CB09D249FF11200943824 /* Debug */,
				113CB09E249FF11200943824 /* Release */,
			);
			defaultConfigurationIsVisible = 0;
			defaultConfigurationName = Release;
		};
/* End XCConfigurationList section */
	};
	rootObject = 113CB080249FF11000943824 /* Project object */;
}
