// !$*UTF8*$!
{
	archiveVersion = 1;
	classes = {
	};
	objectVersion = 50;
	objects = {

/* Begin PBXBuildFile section */
		113CB08C249FF11000943824 /* AppDelegate.swift in Sources */ = {isa = PBXBuildFile; fileRef = 113CB08B249FF11000943824 /* AppDelegate.swift */; };
		113CB08E249FF11000943824 /* SceneDelegate.swift in Sources */ = {isa = PBXBuildFile; fileRef = 113CB08D249FF11000943824 /* SceneDelegate.swift */; };
		113CB090249FF11000943824 /* LandmarkDetail.swift in Sources */ = {isa = PBXBuildFile; fileRef = 113CB08F249FF11000943824 /* LandmarkDetail.swift */; };
		113CB092249FF11200943824 /* Assets.xcassets in Resources */ = {isa = PBXBuildFile; fileRef = 113CB091249FF11200943824 /* Assets.xcassets */; };
		113CB095249FF11200943824 /* Preview Assets.xcassets in Resources */ = {isa = PBXBuildFile; fileRef = 113CB094249FF11200943824 /* Preview Assets.xcassets */; };
		113CB098249FF11200943824 /* LaunchScreen.storyboard in Resources */ = {isa = PBXBuildFile; fileRef = 113CB096249FF11200943824 /* LaunchScreen.storyboard */; };
		113CB0A0249FF9D300943824 /* CircleImage.swift in Sources */ = {isa = PBXBuildFile; fileRef = 113CB09F249FF9D300943824 /* CircleImage.swift */; };
		113CB0A2249FFBA800943824 /* MapView.swift in Sources */ = {isa = PBXBuildFile; fileRef = 113CB0A1249FFBA800943824 /* MapView.swift */; };
		113CB0A424A003EA00943824 /* Landmark.swift in Sources */ = {isa = PBXBuildFile; fileRef = 113CB0A324A003EA00943824 /* Landmark.swift */; };
		113CB0A724A0065F00943824 /* Data.swift in Sources */ = {isa = PBXBuildFile; fileRef = 113CB0A624A0065F00943824 /* Data.swift */; };
		113CB0AA24A006BA00943824 /* landmarkData.json in Resources */ = {isa = PBXBuildFile; fileRef = 113CB0A924A006BA00943824 /* landmarkData.json */; };
		113CB0AD24A00FC700943824 /* LandmarkRow.swift in Sources */ = {isa = PBXBuildFile; fileRef = 113CB0AC24A00FC700943824 /* LandmarkRow.swift */; };
		117CF5FA24A0603900A4D9D4 /* ProfileEditor.swift in Sources */ = {isa = PBXBuildFile; fileRef = 117CF5F924A0603900A4D9D4 /* ProfileEditor.swift */; };
		117CF5FC24A0E5C300A4D9D4 /* PageViewController.swift in Sources */ = {isa = PBXBuildFile; fileRef = 117CF5FB24A0E5C300A4D9D4 /* PageViewController.swift */; };
		117CF5FE24A0E6A800A4D9D4 /* PageView.swift in Sources */ = {isa = PBXBuildFile; fileRef = 117CF5FD24A0E6A800A4D9D4 /* PageView.swift */; };
		117CF60024A0E77900A4D9D4 /* FeatureCard.swift in Sources */ = {isa = PBXBuildFile; fileRef = 117CF5FF24A0E77900A4D9D4 /* FeatureCard.swift */; };
		117CF60424A0E84000A4D9D4 /* stmarylake_feature.jpg in Resources */ = {isa = PBXBuildFile; fileRef = 117CF60124A0E84000A4D9D4 /* stmarylake_feature.jpg */; };
		117CF60524A0E84000A4D9D4 /* turtlerock_feature.jpg in Resources */ = {isa = PBXBuildFile; fileRef = 117CF60224A0E84000A4D9D4 /* turtlerock_feature.jpg */; };
		117CF60624A0E84000A4D9D4 /* charleyrivers_feature.jpg in Resources */ = {isa = PBXBuildFile; fileRef = 117CF60324A0E84000A4D9D4 /* charleyrivers_feature.jpg */; };
		117CF60824A0EE3700A4D9D4 /* PageControl.swift in Sources */ = {isa = PBXBuildFile; fileRef = 117CF60724A0EE3700A4D9D4 /* PageControl.swift */; };
		117CF61224A1017B00A4D9D4 /* Interface.storyboard in Resources */ = {isa = PBXBuildFile; fileRef = 117CF61024A1017B00A4D9D4 /* Interface.storyboard */; };
		117CF61424A1017D00A4D9D4 /* Assets.xcassets in Resources */ = {isa = PBXBuildFile; fileRef = 117CF61324A1017D00A4D9D4 /* Assets.xcassets */; };
		117CF61B24A1017D00A4D9D4 /* WatchLandmarks Extension.appex in Embed App Extensions */ = {isa = PBXBuildFile; fileRef = 117CF61A24A1017D00A4D9D4 /* WatchLandmarks Extension.appex */; settings = {ATTRIBUTES = (RemoveHeadersOnCopy, ); }; };
		117CF62024A1017D00A4D9D4 /* ContentView.swift in Sources */ = {isa = PBXBuildFile; fileRef = 117CF61F24A1017D00A4D9D4 /* ContentView.swift */; };
		117CF62224A1017D00A4D9D4 /* HostingController.swift in Sources */ = {isa = PBXBuildFile; fileRef = 117CF62124A1017D00A4D9D4 /* HostingController.swift */; };
		117CF62424A1017D00A4D9D4 /* ExtensionDelegate.swift in Sources */ = {isa = PBXBuildFile; fileRef = 117CF62324A1017D00A4D9D4 /* ExtensionDelegate.swift */; };
		117CF62624A1017D00A4D9D4 /* NotificationController.swift in Sources */ = {isa = PBXBuildFile; fileRef = 117CF62524A1017D00A4D9D4 /* NotificationController.swift */; };
		117CF62824A1017D00A4D9D4 /* NotificationView.swift in Sources */ = {isa = PBXBuildFile; fileRef = 117CF62724A1017D00A4D9D4 /* NotificationView.swift */; };
		117CF62A24A1017E00A4D9D4 /* Assets.xcassets in Resources */ = {isa = PBXBuildFile; fileRef = 117CF62924A1017E00A4D9D4 /* Assets.xcassets */; };
		117CF62D24A1017E00A4D9D4 /* Preview Assets.xcassets in Resources */ = {isa = PBXBuildFile; fileRef = 117CF62C24A1017E00A4D9D4 /* Preview Assets.xcassets */; };
		117CF63224A1017E00A4D9D4 /* WatchLandmarks.app in Embed Watch Content */ = {isa = PBXBuildFile; fileRef = 117CF60E24A1017B00A4D9D4 /* WatchLandmarks.app */; settings = {ATTRIBUTES = (RemoveHeadersOnCopy, ); }; };
		117CF63B24A1024600A4D9D4 /* LandmarkRow.swift in Sources */ = {isa = PBXBuildFile; fileRef = 113CB0AC24A00FC700943824 /* LandmarkRow.swift */; };
		117CF63C24A1024600A4D9D4 /* Data.swift in Sources */ = {isa = PBXBuildFile; fileRef = 113CB0A624A0065F00943824 /* Data.swift */; };
		117CF63D24A1024600A4D9D4 /* Hike.swift in Sources */ = {isa = PBXBuildFile; fileRef = 11ABDE5F24A03A2700D97154 /* Hike.swift */; };
		117CF63E24A1024600A4D9D4 /* Landmark.swift in Sources */ = {isa = PBXBuildFile; fileRef = 113CB0A324A003EA00943824 /* Landmark.swift */; };
		117CF63F24A1024600A4D9D4 /* Profile.swift in Sources */ = {isa = PBXBuildFile; fileRef = 11ABDE6C24A059A700D97154 /* Profile.swift */; };
		117CF64024A1024600A4D9D4 /* UserData.swift in Sources */ = {isa = PBXBuildFile; fileRef = 11ABDE4D24A025D900D97154 /* UserData.swift */; };
		117CF64124A1024600A4D9D4 /* CircleImage.swift in Sources */ = {isa = PBXBuildFile; fileRef = 113CB09F249FF9D300943824 /* CircleImage.swift */; };
		117CF64224A1027100A4D9D4 /* Assets.xcassets in Resources */ = {isa = PBXBuildFile; fileRef = 113CB091249FF11200943824 /* Assets.xcassets */; };
		117CF64324A1029500A4D9D4 /* charleyrivers_feature.jpg in Resources */ = {isa = PBXBuildFile; fileRef = 117CF60324A0E84000A4D9D4 /* charleyrivers_feature.jpg */; };
		117CF64424A1029500A4D9D4 /* charleyrivers.jpg in Resources */ = {isa = PBXBuildFile; fileRef = 11ABDE4B24A021BE00D97154 /* charleyrivers.jpg */; };
		117CF64524A1029500A4D9D4 /* chilkoottrail.jpg in Resources */ = {isa = PBXBuildFile; fileRef = 11ABDE2024A011F400D97154 /* chilkoottrail.jpg */; };
		117CF64624A1029500A4D9D4 /* chincoteague.jpg in Resources */ = {isa = PBXBuildFile; fileRef = 11ABDE1E24A011F400D97154 /* chincoteague.jpg */; };
		117CF64724A1029500A4D9D4 /* hiddenlake.jpg in Resources */ = {isa = PBXBuildFile; fileRef = 11ABDE2424A011F400D97154 /* hiddenlake.jpg */; };
		117CF64824A1029500A4D9D4 /* icybay.jpg in Resources */ = {isa = PBXBuildFile; fileRef = 11ABDE2224A011F400D97154 /* icybay.jpg */; };
		117CF64924A1029500A4D9D4 /* lakemcdonald.jpg in Resources */ = {isa = PBXBuildFile; fileRef = 11ABDE1D24A011F400D97154 /* lakemcdonald.jpg */; };
		117CF64A24A1029500A4D9D4 /* rainbowlake.jpg in Resources */ = {isa = PBXBuildFile; fileRef = 11ABDE1F24A011F400D97154 /* rainbowlake.jpg */; };
		117CF64B24A1029500A4D9D4 /* silversalmoncreek.jpg in Resources */ = {isa = PBXBuildFile; fileRef = 11ABDE1924A011F400D97154 /* silversalmoncreek.jpg */; };
		117CF64C24A1029500A4D9D4 /* stmarylake_feature.jpg in Resources */ = {isa = PBXBuildFile; fileRef = 117CF60124A0E84000A4D9D4 /* stmarylake_feature.jpg */; };
		117CF64D24A1029500A4D9D4 /* stmarylake.jpg in Resources */ = {isa = PBXBuildFile; fileRef = 11ABDE1A24A011F400D97154 /* stmarylake.jpg */; };
		117CF64E24A1029500A4D9D4 /* turtlerock_feature.jpg in Resources */ = {isa = PBXBuildFile; fileRef = 117CF60224A0E84000A4D9D4 /* turtlerock_feature.jpg */; };
		117CF64F24A1029500A4D9D4 /* turtlerock.jpg in Resources */ = {isa = PBXBuildFile; fileRef = 11ABDE2124A011F400D97154 /* turtlerock.jpg */; };
		117CF65024A1029500A4D9D4 /* twinlake.jpg in Resources */ = {isa = PBXBuildFile; fileRef = 11ABDE2324A011F400D97154 /* twinlake.jpg */; };
		117CF65124A1029500A4D9D4 /* umbagog.jpg in Resources */ = {isa = PBXBuildFile; fileRef = 11ABDE1C24A011F400D97154 /* umbagog.jpg */; };
		117CF65224A1029500A4D9D4 /* yukon_charleyrivers.jpg in Resources */ = {isa = PBXBuildFile; fileRef = 11ABDE1B24A011F400D97154 /* yukon_charleyrivers.jpg */; };
		117CF65324A1029500A4D9D4 /* hikeData.json in Resources */ = {isa = PBXBuildFile; fileRef = 11ABDE6124A03AAD00D97154 /* hikeData.json */; };
		117CF65424A1029500A4D9D4 /* landmarkData.json in Resources */ = {isa = PBXBuildFile; fileRef = 113CB0A924A006BA00943824 /* landmarkData.json */; };
		117CF65624A103A200A4D9D4 /* WatchLandmarkDetail.swift in Sources */ = {isa = PBXBuildFile; fileRef = 117CF65524A103A200A4D9D4 /* WatchLandmarkDetail.swift */; };
		117CF65824A108A300A4D9D4 /* WatchMapView.swift in Sources */ = {isa = PBXBuildFile; fileRef = 117CF65724A108A300A4D9D4 /* WatchMapView.swift */; };
		11ABDE2524A011F400D97154 /* silversalmoncreek.jpg in Resources */ = {isa = PBXBuildFile; fileRef = 11ABDE1924A011F400D97154 /* silversalmoncreek.jpg */; };
		11ABDE2624A011F400D97154 /* stmarylake.jpg in Resources */ = {isa = PBXBuildFile; fileRef = 11ABDE1A24A011F400D97154 /* stmarylake.jpg */; };
		11ABDE2724A011F400D97154 /* yukon_charleyrivers.jpg in Resources */ = {isa = PBXBuildFile; fileRef = 11ABDE1B24A011F400D97154 /* yukon_charleyrivers.jpg */; };
		11ABDE2824A011F400D97154 /* umbagog.jpg in Resources */ = {isa = PBXBuildFile; fileRef = 11ABDE1C24A011F400D97154 /* umbagog.jpg */; };
		11ABDE2924A011F400D97154 /* lakemcdonald.jpg in Resources */ = {isa = PBXBuildFile; fileRef = 11ABDE1D24A011F400D97154 /* lakemcdonald.jpg */; };
		11ABDE2A24A011F400D97154 /* chincoteague.jpg in Resources */ = {isa = PBXBuildFile; fileRef = 11ABDE1E24A011F400D97154 /* chincoteague.jpg */; };
		11ABDE2B24A011F400D97154 /* rainbowlake.jpg in Resources */ = {isa = PBXBuildFile; fileRef = 11ABDE1F24A011F400D97154 /* rainbowlake.jpg */; };
		11ABDE2C24A011F400D97154 /* chilkoottrail.jpg in Resources */ = {isa = PBXBuildFile; fileRef = 11ABDE2024A011F400D97154 /* chilkoottrail.jpg */; };
		11ABDE2D24A011F400D97154 /* turtlerock.jpg in Resources */ = {isa = PBXBuildFile; fileRef = 11ABDE2124A011F400D97154 /* turtlerock.jpg */; };
		11ABDE2E24A011F400D97154 /* icybay.jpg in Resources */ = {isa = PBXBuildFile; fileRef = 11ABDE2224A011F400D97154 /* icybay.jpg */; };
		11ABDE2F24A011F400D97154 /* twinlake.jpg in Resources */ = {isa = PBXBuildFile; fileRef = 11ABDE2324A011F400D97154 /* twinlake.jpg */; };
		11ABDE3024A011F400D97154 /* hiddenlake.jpg in Resources */ = {isa = PBXBuildFile; fileRef = 11ABDE2424A011F400D97154 /* hiddenlake.jpg */; };
		11ABDE3224A012EF00D97154 /* LandmarkList.swift in Sources */ = {isa = PBXBuildFile; fileRef = 11ABDE3124A012EF00D97154 /* LandmarkList.swift */; };
		11ABDE4C24A021BE00D97154 /* charleyrivers.jpg in Resources */ = {isa = PBXBuildFile; fileRef = 11ABDE4B24A021BE00D97154 /* charleyrivers.jpg */; };
		11ABDE4E24A025D900D97154 /* UserData.swift in Sources */ = {isa = PBXBuildFile; fileRef = 11ABDE4D24A025D900D97154 /* UserData.swift */; };
		11ABDE5024A02BE500D97154 /* HexagonParameters.swift in Sources */ = {isa = PBXBuildFile; fileRef = 11ABDE4F24A02BE500D97154 /* HexagonParameters.swift */; };
		11ABDE5224A02C6A00D97154 /* BadgeBackground.swift in Sources */ = {isa = PBXBuildFile; fileRef = 11ABDE5124A02C6A00D97154 /* BadgeBackground.swift */; };
		11ABDE5424A0312100D97154 /* Badge.swift in Sources */ = {isa = PBXBuildFile; fileRef = 11ABDE5324A0312100D97154 /* Badge.swift */; };
		11ABDE5624A0319B00D97154 /* BadgeSymbol.swift in Sources */ = {isa = PBXBuildFile; fileRef = 11ABDE5524A0319B00D97154 /* BadgeSymbol.swift */; };
		11ABDE5824A034C500D97154 /* RotatedBadgeSymbol.swift in Sources */ = {isa = PBXBuildFile; fileRef = 11ABDE5724A034C500D97154 /* RotatedBadgeSymbol.swift */; };
		11ABDE5A24A039A200D97154 /* HikeDetail.swift in Sources */ = {isa = PBXBuildFile; fileRef = 11ABDE5924A039A100D97154 /* HikeDetail.swift */; };
		11ABDE5C24A039BF00D97154 /* HikeView.swift in Sources */ = {isa = PBXBuildFile; fileRef = 11ABDE5B24A039BF00D97154 /* HikeView.swift */; };
		11ABDE5E24A039EA00D97154 /* HikeGraph.swift in Sources */ = {isa = PBXBuildFile; fileRef = 11ABDE5D24A039EA00D97154 /* HikeGraph.swift */; };
		11ABDE6024A03A2700D97154 /* Hike.swift in Sources */ = {isa = PBXBuildFile; fileRef = 11ABDE5F24A03A2700D97154 /* Hike.swift */; };
		11ABDE6224A03AAD00D97154 /* hikeData.json in Resources */ = {isa = PBXBuildFile; fileRef = 11ABDE6124A03AAD00D97154 /* hikeData.json */; };
		11ABDE6424A03AE200D97154 /* GraphCapsule.swift in Sources */ = {isa = PBXBuildFile; fileRef = 11ABDE6324A03AE100D97154 /* GraphCapsule.swift */; };
		11ABDE6624A04FB300D97154 /* CategoryHome.swift in Sources */ = {isa = PBXBuildFile; fileRef = 11ABDE6524A04FB300D97154 /* CategoryHome.swift */; };
		11ABDE6824A0517000D97154 /* CategoryRow.swift in Sources */ = {isa = PBXBuildFile; fileRef = 11ABDE6724A0517000D97154 /* CategoryRow.swift */; };
		11ABDE6B24A0595C00D97154 /* ProfileHost.swift in Sources */ = {isa = PBXBuildFile; fileRef = 11ABDE6A24A0595C00D97154 /* ProfileHost.swift */; };
		11ABDE6D24A059A700D97154 /* Profile.swift in Sources */ = {isa = PBXBuildFile; fileRef = 11ABDE6C24A059A700D97154 /* Profile.swift */; };
		11ABDE7124A05B0B00D97154 /* ProfileSummary.swift in Sources */ = {isa = PBXBuildFile; fileRef = 11ABDE7024A05B0B00D97154 /* ProfileSummary.swift */; };
		11ABDE7324A05C3300D97154 /* HikeBadge.swift in Sources */ = {isa = PBXBuildFile; fileRef = 11ABDE7224A05C3300D97154 /* HikeBadge.swift */; };
/* End PBXBuildFile section */

/* Begin PBXContainerItemProxy section */
		117CF61C24A1017D00A4D9D4 /* PBXContainerItemProxy */ = {
			isa = PBXContainerItemProxy;
			containerPortal = 113CB080249FF11000943824 /* Project object */;
			proxyType = 1;
			remoteGlobalIDString = 117CF61924A1017D00A4D9D4;
			remoteInfo = "WatchLandmarks Extension";
		};
		117CF63024A1017E00A4D9D4 /* PBXContainerItemProxy */ = {
			isa = PBXContainerItemProxy;
			containerPortal = 113CB080249FF11000943824 /* Project object */;
			proxyType = 1;
			remoteGlobalIDString = 117CF60D24A1017B00A4D9D4;
			remoteInfo = WatchLandmarks;
		};
/* End PBXContainerItemProxy section */

/* Begin PBXCopyFilesBuildPhase section */
		117CF63624A1017E00A4D9D4 /* Embed App Extensions */ = {
			isa = PBXCopyFilesBuildPhase;
			buildActionMask = 2147483647;
			dstPath = "";
			dstSubfolderSpec = 13;
			files = (
				117CF61B24A1017D00A4D9D4 /* WatchLandmarks Extension.appex in Embed App Extensions */,
			);
			name = "Embed App Extensions";
			runOnlyForDeploymentPostprocessing = 0;
		};
		117CF63A24A1017E00A4D9D4 /* Embed Watch Content */ = {
			isa = PBXCopyFilesBuildPhase;
			buildActionMask = 2147483647;
			dstPath = "$(CONTENTS_FOLDER_PATH)/Watch";
			dstSubfolderSpec = 16;
			files = (
				117CF63224A1017E00A4D9D4 /* WatchLandmarks.app in Embed Watch Content */,
			);
			name = "Embed Watch Content";
			runOnlyForDeploymentPostprocessing = 0;
		};
/* End PBXCopyFilesBuildPhase section */

/* Begin PBXFileReference section */
		113CB088249FF11000943824 /* Landmarks.app */ = {isa = PBXFileReference; explicitFileType = wrapper.application; includeInIndex = 0; path = Landmarks.app; sourceTree = BUILT_PRODUCTS_DIR; };
		113CB08B249FF11000943824 /* AppDelegate.swift */ = {isa = PBXFileReference; lastKnownFileType = sourcecode.swift; path = AppDelegate.swift; sourceTree = "<group>"; };
		113CB08D249FF11000943824 /* SceneDelegate.swift */ = {isa = PBXFileReference; lastKnownFileType = sourcecode.swift; path = SceneDelegate.swift; sourceTree = "<group>"; };
		113CB08F249FF11000943824 /* LandmarkDetail.swift */ = {isa = PBXFileReference; lastKnownFileType = sourcecode.swift; path = LandmarkDetail.swift; sourceTree = "<group>"; };
		113CB091249FF11200943824 /* Assets.xcassets */ = {isa = PBXFileReference; lastKnownFileType = folder.assetcatalog; path = Assets.xcassets; sourceTree = "<group>"; };
		113CB094249FF11200943824 /* Preview Assets.xcassets */ = {isa = PBXFileReference; lastKnownFileType = folder.assetcatalog; path = "Preview Assets.xcassets"; sourceTree = "<group>"; };
		113CB097249FF11200943824 /* Base */ = {isa = PBXFileReference; lastKnownFileType = file.storyboard; name = Base; path = Base.lproj/LaunchScreen.storyboard; sourceTree = "<group>"; };
		113CB099249FF11200943824 /* Info.plist */ = {isa = PBXFileReference; lastKnownFileType = text.plist.xml; path = Info.plist; sourceTree = "<group>"; };
		113CB09F249FF9D300943824 /* CircleImage.swift */ = {isa = PBXFileReference; lastKnownFileType = sourcecode.swift; path = CircleImage.swift; sourceTree = "<group>"; };
		113CB0A1249FFBA800943824 /* MapView.swift */ = {isa = PBXFileReference; lastKnownFileType = sourcecode.swift; path = MapView.swift; sourceTree = "<group>"; };
		113CB0A324A003EA00943824 /* Landmark.swift */ = {isa = PBXFileReference; fileEncoding = 4; lastKnownFileType = sourcecode.swift; path = Landmark.swift; sourceTree = "<group>"; };
		113CB0A624A0065F00943824 /* Data.swift */ = {isa = PBXFileReference; fileEncoding = 4; lastKnownFileType = sourcecode.swift; path = Data.swift; sourceTree = "<group>"; };
		113CB0A924A006BA00943824 /* landmarkData.json */ = {isa = PBXFileReference; fileEncoding = 4; lastKnownFileType = text.json; path = landmarkData.json; sourceTree = "<group>"; };
		113CB0AC24A00FC700943824 /* LandmarkRow.swift */ = {isa = PBXFileReference; lastKnownFileType = sourcecode.swift; path = LandmarkRow.swift; sourceTree = "<group>"; };
		117CF5F924A0603900A4D9D4 /* ProfileEditor.swift */ = {isa = PBXFileReference; lastKnownFileType = sourcecode.swift; path = ProfileEditor.swift; sourceTree = "<group>"; };
		117CF5FB24A0E5C300A4D9D4 /* PageViewController.swift */ = {isa = PBXFileReference; lastKnownFileType = sourcecode.swift; path = PageViewController.swift; sourceTree = "<group>"; };
		117CF5FD24A0E6A800A4D9D4 /* PageView.swift */ = {isa = PBXFileReference; lastKnownFileType = sourcecode.swift; path = PageView.swift; sourceTree = "<group>"; };
		117CF5FF24A0E77900A4D9D4 /* FeatureCard.swift */ = {isa = PBXFileReference; fileEncoding = 4; lastKnownFileType = sourcecode.swift; path = FeatureCard.swift; sourceTree = "<group>"; };
		117CF60124A0E84000A4D9D4 /* stmarylake_feature.jpg */ = {isa = PBXFileReference; lastKnownFileType = image.jpeg; path = stmarylake_feature.jpg; sourceTree = "<group>"; };
		117CF60224A0E84000A4D9D4 /* turtlerock_feature.jpg */ = {isa = PBXFileReference; lastKnownFileType = image.jpeg; path = turtlerock_feature.jpg; sourceTree = "<group>"; };
		117CF60324A0E84000A4D9D4 /* charleyrivers_feature.jpg */ = {isa = PBXFileReference; lastKnownFileType = image.jpeg; path = charleyrivers_feature.jpg; sourceTree = "<group>"; };
		117CF60724A0EE3700A4D9D4 /* PageControl.swift */ = {isa = PBXFileReference; lastKnownFileType = sourcecode.swift; path = PageControl.swift; sourceTree = "<group>"; };
		117CF60E24A1017B00A4D9D4 /* WatchLandmarks.app */ = {isa = PBXFileReference; explicitFileType = wrapper.application; includeInIndex = 0; path = WatchLandmarks.app; sourceTree = BUILT_PRODUCTS_DIR; };
		117CF61124A1017B00A4D9D4 /* Base */ = {isa = PBXFileReference; lastKnownFileType = file.storyboard; name = Base; path = Base.lproj/Interface.storyboard; sourceTree = "<group>"; };
		117CF61324A1017D00A4D9D4 /* Assets.xcassets */ = {isa = PBXFileReference; lastKnownFileType = folder.assetcatalog; path = Assets.xcassets; sourceTree = "<group>"; };
		117CF61524A1017D00A4D9D4 /* Info.plist */ = {isa = PBXFileReference; lastKnownFileType = text.plist.xml; path = Info.plist; sourceTree = "<group>"; };
		117CF61A24A1017D00A4D9D4 /* WatchLandmarks Extension.appex */ = {isa = PBXFileReference; explicitFileType = "wrapper.app-extension"; includeInIndex = 0; path = "WatchLandmarks Extension.appex"; sourceTree = BUILT_PRODUCTS_DIR; };
		117CF61F24A1017D00A4D9D4 /* ContentView.swift */ = {isa = PBXFileReference; lastKnownFileType = sourcecode.swift; path = ContentView.swift; sourceTree = "<group>"; };
		117CF62124A1017D00A4D9D4 /* HostingController.swift */ = {isa = PBXFileReference; lastKnownFileType = sourcecode.swift; path = HostingController.swift; sourceTree = "<group>"; };
		117CF62324A1017D00A4D9D4 /* ExtensionDelegate.swift */ = {isa = PBXFileReference; lastKnownFileType = sourcecode.swift; path = ExtensionDelegate.swift; sourceTree = "<group>"; };
		117CF62524A1017D00A4D9D4 /* NotificationController.swift */ = {isa = PBXFileReference; lastKnownFileType = sourcecode.swift; path = NotificationController.swift; sourceTree = "<group>"; };
		117CF62724A1017D00A4D9D4 /* NotificationView.swift */ = {isa = PBXFileReference; lastKnownFileType = sourcecode.swift; path = NotificationView.swift; sourceTree = "<group>"; };
		117CF62924A1017E00A4D9D4 /* Assets.xcassets */ = {isa = PBXFileReference; lastKnownFileType = folder.assetcatalog; path = Assets.xcassets; sourceTree = "<group>"; };
		117CF62C24A1017E00A4D9D4 /* Preview Assets.xcassets */ = {isa = PBXFileReference; lastKnownFileType = folder.assetcatalog; path = "Preview Assets.xcassets"; sourceTree = "<group>"; };
		117CF62E24A1017E00A4D9D4 /* Info.plist */ = {isa = PBXFileReference; lastKnownFileType = text.plist.xml; path = Info.plist; sourceTree = "<group>"; };
		117CF62F24A1017E00A4D9D4 /* PushNotificationPayload.apns */ = {isa = PBXFileReference; lastKnownFileType = text; path = PushNotificationPayload.apns; sourceTree = "<group>"; };
		117CF65524A103A200A4D9D4 /* WatchLandmarkDetail.swift */ = {isa = PBXFileReference; lastKnownFileType = sourcecode.swift; path = WatchLandmarkDetail.swift; sourceTree = "<group>"; };
		117CF65724A108A300A4D9D4 /* WatchMapView.swift */ = {isa = PBXFileReference; lastKnownFileType = sourcecode.swift; path = WatchMapView.swift; sourceTree = "<group>"; };
		11ABDE1924A011F400D97154 /* silversalmoncreek.jpg */ = {isa = PBXFileReference; lastKnownFileType = image.jpeg; path = silversalmoncreek.jpg; sourceTree = "<group>"; };
		11ABDE1A24A011F400D97154 /* stmarylake.jpg */ = {isa = PBXFileReference; lastKnownFileType = image.jpeg; path = stmarylake.jpg; sourceTree = "<group>"; };
		11ABDE1B24A011F400D97154 /* yukon_charleyrivers.jpg */ = {isa = PBXFileReference; lastKnownFileType = image.jpeg; path = yukon_charleyrivers.jpg; sourceTree = "<group>"; };
		11ABDE1C24A011F400D97154 /* umbagog.jpg */ = {isa = PBXFileReference; lastKnownFileType = image.jpeg; path = umbagog.jpg; sourceTree = "<group>"; };
		11ABDE1D24A011F400D97154 /* lakemcdonald.jpg */ = {isa = PBXFileReference; lastKnownFileType = image.jpeg; path = lakemcdonald.jpg; sourceTree = "<group>"; };
		11ABDE1E24A011F400D97154 /* chincoteague.jpg */ = {isa = PBXFileReference; lastKnownFileType = image.jpeg; path = chincoteague.jpg; sourceTree = "<group>"; };
		11ABDE1F24A011F400D97154 /* rainbowlake.jpg */ = {isa = PBXFileReference; lastKnownFileType = image.jpeg; path = rainbowlake.jpg; sourceTree = "<group>"; };
		11ABDE2024A011F400D97154 /* chilkoottrail.jpg */ = {isa = PBXFileReference; lastKnownFileType = image.jpeg; path = chilkoottrail.jpg; sourceTree = "<group>"; };
		11ABDE2124A011F400D97154 /* turtlerock.jpg */ = {isa = PBXFileReference; lastKnownFileType = image.jpeg; path = turtlerock.jpg; sourceTree = "<group>"; };
		11ABDE2224A011F400D97154 /* icybay.jpg */ = {isa = PBXFileReference; lastKnownFileType = image.jpeg; path = icybay.jpg; sourceTree = "<group>"; };
		11ABDE2324A011F400D97154 /* twinlake.jpg */ = {isa = PBXFileReference; lastKnownFileType = image.jpeg; path = twinlake.jpg; sourceTree = "<group>"; };
		11ABDE2424A011F400D97154 /* hiddenlake.jpg */ = {isa = PBXFileReference; lastKnownFileType = image.jpeg; path = hiddenlake.jpg; sourceTree = "<group>"; };
		11ABDE3124A012EF00D97154 /* LandmarkList.swift */ = {isa = PBXFileReference; lastKnownFileType = sourcecode.swift; path = LandmarkList.swift; sourceTree = "<group>"; };
		11ABDE4B24A021BE00D97154 /* charleyrivers.jpg */ = {isa = PBXFileReference; lastKnownFileType = image.jpeg; path = charleyrivers.jpg; sourceTree = "<group>"; };
		11ABDE4D24A025D900D97154 /* UserData.swift */ = {isa = PBXFileReference; lastKnownFileType = sourcecode.swift; path = UserData.swift; sourceTree = "<group>"; };
		11ABDE4F24A02BE500D97154 /* HexagonParameters.swift */ = {isa = PBXFileReference; fileEncoding = 4; lastKnownFileType = sourcecode.swift; path = HexagonParameters.swift; sourceTree = "<group>"; };
		11ABDE5124A02C6A00D97154 /* BadgeBackground.swift */ = {isa = PBXFileReference; lastKnownFileType = sourcecode.swift; path = BadgeBackground.swift; sourceTree = "<group>"; };
		11ABDE5324A0312100D97154 /* Badge.swift */ = {isa = PBXFileReference; lastKnownFileType = sourcecode.swift; path = Badge.swift; sourceTree = "<group>"; };
		11ABDE5524A0319B00D97154 /* BadgeSymbol.swift */ = {isa = PBXFileReference; lastKnownFileType = sourcecode.swift; path = BadgeSymbol.swift; sourceTree = "<group>"; };
		11ABDE5724A034C500D97154 /* RotatedBadgeSymbol.swift */ = {isa = PBXFileReference; lastKnownFileType = sourcecode.swift; path = RotatedBadgeSymbol.swift; sourceTree = "<group>"; };
		11ABDE5924A039A100D97154 /* HikeDetail.swift */ = {isa = PBXFileReference; fileEncoding = 4; lastKnownFileType = sourcecode.swift; path = HikeDetail.swift; sourceTree = "<group>"; };
		11ABDE5B24A039BF00D97154 /* HikeView.swift */ = {isa = PBXFileReference; fileEncoding = 4; lastKnownFileType = sourcecode.swift; path = HikeView.swift; sourceTree = "<group>"; };
		11ABDE5D24A039EA00D97154 /* HikeGraph.swift */ = {isa = PBXFileReference; fileEncoding = 4; lastKnownFileType = sourcecode.swift; path = HikeGraph.swift; sourceTree = "<group>"; };
		11ABDE5F24A03A2700D97154 /* Hike.swift */ = {isa = PBXFileReference; fileEncoding = 4; lastKnownFileType = sourcecode.swift; path = Hike.swift; sourceTree = "<group>"; };
		11ABDE6124A03AAD00D97154 /* hikeData.json */ = {isa = PBXFileReference; fileEncoding = 4; lastKnownFileType = text.json; path = hikeData.json; sourceTree = "<group>"; };
		11ABDE6324A03AE100D97154 /* GraphCapsule.swift */ = {isa = PBXFileReference; fileEncoding = 4; lastKnownFileType = sourcecode.swift; path = GraphCapsule.swift; sourceTree = "<group>"; };
		11ABDE6524A04FB300D97154 /* CategoryHome.swift */ = {isa = PBXFileReference; lastKnownFileType = sourcecode.swift; path = CategoryHome.swift; sourceTree = "<group>"; };
		11ABDE6724A0517000D97154 /* CategoryRow.swift */ = {isa = PBXFileReference; lastKnownFileType = sourcecode.swift; path = CategoryRow.swift; sourceTree = "<group>"; };
		11ABDE6A24A0595C00D97154 /* ProfileHost.swift */ = {isa = PBXFileReference; lastKnownFileType = sourcecode.swift; path = ProfileHost.swift; sourceTree = "<group>"; };
		11ABDE6C24A059A700D97154 /* Profile.swift */ = {isa = PBXFileReference; fileEncoding = 4; lastKnownFileType = sourcecode.swift; path = Profile.swift; sourceTree = "<group>"; };
		11ABDE7024A05B0B00D97154 /* ProfileSummary.swift */ = {isa = PBXFileReference; lastKnownFileType = sourcecode.swift; path = ProfileSummary.swift; sourceTree = "<group>"; };
		11ABDE7224A05C3300D97154 /* HikeBadge.swift */ = {isa = PBXFileReference; lastKnownFileType = sourcecode.swift; path = HikeBadge.swift; sourceTree = "<group>"; };
/* End PBXFileReference section */

/* Begin PBXFrameworksBuildPhase section */
		113CB085249FF11000943824 /* Frameworks */ = {
			isa = PBXFrameworksBuildPhase;
			buildActionMask = 2147483647;
			files = (
			);
			runOnlyForDeploymentPostprocessing = 0;
		};
		117CF61724A1017D00A4D9D4 /* Frameworks */ = {
			isa = PBXFrameworksBuildPhase;
			buildActionMask = 2147483647;
			files = (
			);
			runOnlyForDeploymentPostprocessing = 0;
		};
/* End PBXFrameworksBuildPhase section */

/* Begin PBXGroup section */
		113CB07F249FF11000943824 = {
			isa = PBXGroup;
			children = (
				113CB08A249FF11000943824 /* Landmarks */,
				117CF60F24A1017B00A4D9D4 /* WatchLandmarks */,
				117CF61E24A1017D00A4D9D4 /* WatchLandmarks Extension */,
				113CB089249FF11000943824 /* Products */,
			);
			sourceTree = "<group>";
		};
		113CB089249FF11000943824 /* Products */ = {
			isa = PBXGroup;
			children = (
				113CB088249FF11000943824 /* Landmarks.app */,
				117CF60E24A1017B00A4D9D4 /* WatchLandmarks.app */,
				117CF61A24A1017D00A4D9D4 /* WatchLandmarks Extension.appex */,
			);
			name = Products;
			sourceTree = "<group>";
		};
		113CB08A249FF11000943824 /* Landmarks */ = {
			isa = PBXGroup;
			children = (
				113CB099249FF11200943824 /* Info.plist */,
				113CB08B249FF11000943824 /* AppDelegate.swift */,
				113CB08D249FF11000943824 /* SceneDelegate.swift */,
				113CB091249FF11200943824 /* Assets.xcassets */,
				117CF60924A0FEE300A4D9D4 /* Hike */,
				117CF60A24A0FF0900A4D9D4 /* Home */,
				117CF60B24A0FF2000A4D9D4 /* Landmark Views */,
				113CB096249FF11200943824 /* LaunchScreen.storyboard */,
				113CB0A524A003F000943824 /* Models */,
				113CB093249FF11200943824 /* Preview Content */,
				11ABDE6924A0594000D97154 /* Profile */,
				113CB0A824A0066D00943824 /* Resources */,
				113CB0AB24A00F8900943824 /* Supporting Views */,
			);
			path = Landmarks;
			sourceTree = "<group>";
		};
		113CB093249FF11200943824 /* Preview Content */ = {
			isa = PBXGroup;
			children = (
				113CB094249FF11200943824 /* Preview Assets.xcassets */,
			);
			path = "Preview Content";
			sourceTree = "<group>";
		};
		113CB0A524A003F000943824 /* Models */ = {
			isa = PBXGroup;
			children = (
				113CB0A624A0065F00943824 /* Data.swift */,
				11ABDE5F24A03A2700D97154 /* Hike.swift */,
				113CB0A324A003EA00943824 /* Landmark.swift */,
				11ABDE6C24A059A700D97154 /* Profile.swift */,
				11ABDE4D24A025D900D97154 /* UserData.swift */,
			);
			path = Models;
			sourceTree = "<group>";
		};
		113CB0A824A0066D00943824 /* Resources */ = {
			isa = PBXGroup;
			children = (
				117CF60324A0E84000A4D9D4 /* charleyrivers_feature.jpg */,
				11ABDE4B24A021BE00D97154 /* charleyrivers.jpg */,
				11ABDE2024A011F400D97154 /* chilkoottrail.jpg */,
				11ABDE1E24A011F400D97154 /* chincoteague.jpg */,
				11ABDE2424A011F400D97154 /* hiddenlake.jpg */,
				11ABDE2224A011F400D97154 /* icybay.jpg */,
				11ABDE1D24A011F400D97154 /* lakemcdonald.jpg */,
				11ABDE1F24A011F400D97154 /* rainbowlake.jpg */,
				11ABDE1924A011F400D97154 /* silversalmoncreek.jpg */,
				117CF60124A0E84000A4D9D4 /* stmarylake_feature.jpg */,
				11ABDE1A24A011F400D97154 /* stmarylake.jpg */,
				117CF60224A0E84000A4D9D4 /* turtlerock_feature.jpg */,
				11ABDE2124A011F400D97154 /* turtlerock.jpg */,
				11ABDE2324A011F400D97154 /* twinlake.jpg */,
				11ABDE1C24A011F400D97154 /* umbagog.jpg */,
				11ABDE1B24A011F400D97154 /* yukon_charleyrivers.jpg */,
				11ABDE6124A03AAD00D97154 /* hikeData.json */,
				113CB0A924A006BA00943824 /* landmarkData.json */,
			);
			path = Resources;
			sourceTree = "<group>";
		};
		113CB0AB24A00F8900943824 /* Supporting Views */ = {
			isa = PBXGroup;
			children = (
				11ABDE5324A0312100D97154 /* Badge.swift */,
				11ABDE5124A02C6A00D97154 /* BadgeBackground.swift */,
				11ABDE5524A0319B00D97154 /* BadgeSymbol.swift */,
				113CB09F249FF9D300943824 /* CircleImage.swift */,
				117CF5FF24A0E77900A4D9D4 /* FeatureCard.swift */,
				113CB0A1249FFBA800943824 /* MapView.swift */,
				11ABDE5724A034C500D97154 /* RotatedBadgeSymbol.swift */,
			);
			path = "Supporting Views";
			sourceTree = "<group>";
		};
		117CF60924A0FEE300A4D9D4 /* Hike */ = {
			isa = PBXGroup;
			children = (
				11ABDE6324A03AE100D97154 /* GraphCapsule.swift */,
				11ABDE4F24A02BE500D97154 /* HexagonParameters.swift */,
				11ABDE7224A05C3300D97154 /* HikeBadge.swift */,
				11ABDE5924A039A100D97154 /* HikeDetail.swift */,
				11ABDE5D24A039EA00D97154 /* HikeGraph.swift */,
				11ABDE5B24A039BF00D97154 /* HikeView.swift */,
			);
			path = Hike;
			sourceTree = "<group>";
		};
		117CF60A24A0FF0900A4D9D4 /* Home */ = {
			isa = PBXGroup;
			children = (
				11ABDE6524A04FB300D97154 /* CategoryHome.swift */,
				11ABDE6724A0517000D97154 /* CategoryRow.swift */,
				117CF60724A0EE3700A4D9D4 /* PageControl.swift */,
				117CF5FD24A0E6A800A4D9D4 /* PageView.swift */,
				117CF5FB24A0E5C300A4D9D4 /* PageViewController.swift */,
			);
			path = Home;
			sourceTree = "<group>";
		};
		117CF60B24A0FF2000A4D9D4 /* Landmark Views */ = {
			isa = PBXGroup;
			children = (
				113CB08F249FF11000943824 /* LandmarkDetail.swift */,
				11ABDE3124A012EF00D97154 /* LandmarkList.swift */,
				113CB0AC24A00FC700943824 /* LandmarkRow.swift */,
			);
			path = "Landmark Views";
			sourceTree = "<group>";
		};
		117CF60F24A1017B00A4D9D4 /* WatchLandmarks */ = {
			isa = PBXGroup;
			children = (
				117CF61024A1017B00A4D9D4 /* Interface.storyboard */,
				117CF61324A1017D00A4D9D4 /* Assets.xcassets */,
				117CF61524A1017D00A4D9D4 /* Info.plist */,
			);
			path = WatchLandmarks;
			sourceTree = "<group>";
		};
		117CF61E24A1017D00A4D9D4 /* WatchLandmarks Extension */ = {
			isa = PBXGroup;
			children = (
				117CF62F24A1017E00A4D9D4 /* PushNotificationPayload.apns */,
				117CF62E24A1017E00A4D9D4 /* Info.plist */,
				117CF61F24A1017D00A4D9D4 /* ContentView.swift */,
				117CF62324A1017D00A4D9D4 /* ExtensionDelegate.swift */,
				117CF62124A1017D00A4D9D4 /* HostingController.swift */,
				117CF62524A1017D00A4D9D4 /* NotificationController.swift */,
				117CF62724A1017D00A4D9D4 /* NotificationView.swift */,
				117CF65524A103A200A4D9D4 /* WatchLandmarkDetail.swift */,
				117CF65724A108A300A4D9D4 /* WatchMapView.swift */,
				117CF62924A1017E00A4D9D4 /* Assets.xcassets */,
				117CF62B24A1017E00A4D9D4 /* Preview Content */,
			);
			path = "WatchLandmarks Extension";
			sourceTree = "<group>";
		};
		117CF62B24A1017E00A4D9D4 /* Preview Content */ = {
			isa = PBXGroup;
			children = (
				117CF62C24A1017E00A4D9D4 /* Preview Assets.xcassets */,
			);
			path = "Preview Content";
			sourceTree = "<group>";
		};
		11ABDE6924A0594000D97154 /* Profile */ = {
			isa = PBXGroup;
			children = (
				11ABDE6A24A0595C00D97154 /* ProfileHost.swift */,
				117CF5F924A0603900A4D9D4 /* ProfileEditor.swift */,
				11ABDE7024A05B0B00D97154 /* ProfileSummary.swift */,
			);
			path = Profile;
			sourceTree = "<group>";
		};
/* End PBXGroup section */

/* Begin PBXNativeTarget section */
		113CB087249FF11000943824 /* Landmarks */ = {
			isa = PBXNativeTarget;
			buildConfigurationList = 113CB09C249FF11200943824 /* Build configuration list for PBXNativeTarget "Landmarks" */;
			buildPhases = (
				113CB084249FF11000943824 /* Sources */,
				113CB085249FF11000943824 /* Frameworks */,
				113CB086249FF11000943824 /* Resources */,
				117CF63A24A1017E00A4D9D4 /* Embed Watch Content */,
			);
			buildRules = (
			);
			dependencies = (
				117CF63124A1017E00A4D9D4 /* PBXTargetDependency */,
			);
			name = Landmarks;
			productName = Landmarks;
			productReference = 113CB088249FF11000943824 /* Landmarks.app */;
			productType = "com.apple.product-type.application";
		};
		117CF60D24A1017B00A4D9D4 /* WatchLandmarks */ = {
			isa = PBXNativeTarget;
			buildConfigurationList = 117CF63724A1017E00A4D9D4 /* Build configuration list for PBXNativeTarget "WatchLandmarks" */;
			buildPhases = (
				117CF60C24A1017B00A4D9D4 /* Resources */,
				117CF63624A1017E00A4D9D4 /* Embed App Extensions */,
			);
			buildRules = (
			);
			dependencies = (
				117CF61D24A1017D00A4D9D4 /* PBXTargetDependency */,
			);
			name = WatchLandmarks;
			productName = WatchLandmarks;
			productReference = 117CF60E24A1017B00A4D9D4 /* WatchLandmarks.app */;
			productType = "com.apple.product-type.application.watchapp2";
		};
		117CF61924A1017D00A4D9D4 /* WatchLandmarks Extension */ = {
			isa = PBXNativeTarget;
			buildConfigurationList = 117CF63324A1017E00A4D9D4 /* Build configuration list for PBXNativeTarget "WatchLandmarks Extension" */;
			buildPhases = (
				117CF61624A1017D00A4D9D4 /* Sources */,
				117CF61724A1017D00A4D9D4 /* Frameworks */,
				117CF61824A1017D00A4D9D4 /* Resources */,
			);
			buildRules = (
			);
			dependencies = (
			);
			name = "WatchLandmarks Extension";
			productName = "WatchLandmarks Extension";
			productReference = 117CF61A24A1017D00A4D9D4 /* WatchLandmarks Extension.appex */;
			productType = "com.apple.product-type.watchkit2-extension";
		};
/* End PBXNativeTarget section */

/* Begin PBXProject section */
		113CB080249FF11000943824 /* Project object */ = {
			isa = PBXProject;
			attributes = {
				LastSwiftUpdateCheck = 1150;
				LastUpgradeCheck = 1150;
				ORGANIZATIONNAME = "Александр Андреев";
				TargetAttributes = {
					113CB087249FF11000943824 = {
						CreatedOnToolsVersion = 11.5;
					};
					117CF60D24A1017B00A4D9D4 = {
						CreatedOnToolsVersion = 11.5;
					};
					117CF61924A1017D00A4D9D4 = {
						CreatedOnToolsVersion = 11.5;
					};
				};
			};
			buildConfigurationList = 113CB083249FF11000943824 /* Build configuration list for PBXProject "Landmarks" */;
			compatibilityVersion = "Xcode 9.3";
			developmentRegion = en;
			hasScannedForEncodings = 0;
			knownRegions = (
				en,
				Base,
			);
			mainGroup = 113CB07F249FF11000943824;
			productRefGroup = 113CB089249FF11000943824 /* Products */;
			projectDirPath = "";
			projectRoot = "";
			targets = (
				113CB087249FF11000943824 /* Landmarks */,
				117CF60D24A1017B00A4D9D4 /* WatchLandmarks */,
				117CF61924A1017D00A4D9D4 /* WatchLandmarks Extension */,
			);
		};
/* End PBXProject section */

/* Begin PBXResourcesBuildPhase section */
		113CB086249FF11000943824 /* Resources */ = {
			isa = PBXResourcesBuildPhase;
			buildActionMask = 2147483647;
			files = (
				11ABDE2D24A011F400D97154 /* turtlerock.jpg in Resources */,
				11ABDE2B24A011F400D97154 /* rainbowlake.jpg in Resources */,
				11ABDE2C24A011F400D97154 /* chilkoottrail.jpg in Resources */,
				11ABDE2724A011F400D97154 /* yukon_charleyrivers.jpg in Resources */,
				11ABDE6224A03AAD00D97154 /* hikeData.json in Resources */,
				11ABDE2624A011F400D97154 /* stmarylake.jpg in Resources */,
				11ABDE2524A011F400D97154 /* silversalmoncreek.jpg in Resources */,
				11ABDE3024A011F400D97154 /* hiddenlake.jpg in Resources */,
				11ABDE4C24A021BE00D97154 /* charleyrivers.jpg in Resources */,
				11ABDE2F24A011F400D97154 /* twinlake.jpg in Resources */,
				11ABDE2924A011F400D97154 /* lakemcdonald.jpg in Resources */,
				117CF60424A0E84000A4D9D4 /* stmarylake_feature.jpg in Resources */,
				11ABDE2A24A011F400D97154 /* chincoteague.jpg in Resources */,
				113CB098249FF11200943824 /* LaunchScreen.storyboard in Resources */,
				11ABDE2824A011F400D97154 /* umbagog.jpg in Resources */,
				113CB0AA24A006BA00943824 /* landmarkData.json in Resources */,
				113CB095249FF11200943824 /* Preview Assets.xcassets in Resources */,
				11ABDE2E24A011F400D97154 /* icybay.jpg in Resources */,
				117CF60624A0E84000A4D9D4 /* charleyrivers_feature.jpg in Resources */,
				113CB092249FF11200943824 /* Assets.xcassets in Resources */,
				117CF60524A0E84000A4D9D4 /* turtlerock_feature.jpg in Resources */,
			);
			runOnlyForDeploymentPostprocessing = 0;
		};
		117CF60C24A1017B00A4D9D4 /* Resources */ = {
			isa = PBXResourcesBuildPhase;
			buildActionMask = 2147483647;
			files = (
				117CF61424A1017D00A4D9D4 /* Assets.xcassets in Resources */,
				117CF64224A1027100A4D9D4 /* Assets.xcassets in Resources */,
				117CF61224A1017B00A4D9D4 /* Interface.storyboard in Resources */,
			);
			runOnlyForDeploymentPostprocessing = 0;
		};
		117CF61824A1017D00A4D9D4 /* Resources */ = {
			isa = PBXResourcesBuildPhase;
			buildActionMask = 2147483647;
			files = (
				117CF64624A1029500A4D9D4 /* chincoteague.jpg in Resources */,
				117CF64E24A1029500A4D9D4 /* turtlerock_feature.jpg in Resources */,
				117CF64A24A1029500A4D9D4 /* rainbowlake.jpg in Resources */,
				117CF64324A1029500A4D9D4 /* charleyrivers_feature.jpg in Resources */,
				117CF65224A1029500A4D9D4 /* yukon_charleyrivers.jpg in Resources */,
				117CF64D24A1029500A4D9D4 /* stmarylake.jpg in Resources */,
				117CF64824A1029500A4D9D4 /* icybay.jpg in Resources */,
				117CF64924A1029500A4D9D4 /* lakemcdonald.jpg in Resources */,
				117CF62D24A1017E00A4D9D4 /* Preview Assets.xcassets in Resources */,
				117CF62A24A1017E00A4D9D4 /* Assets.xcassets in Resources */,
				117CF65124A1029500A4D9D4 /* umbagog.jpg in Resources */,
				117CF64524A1029500A4D9D4 /* chilkoottrail.jpg in Resources */,
				117CF65024A1029500A4D9D4 /* twinlake.jpg in Resources */,
				117CF65424A1029500A4D9D4 /* landmarkData.json in Resources */,
				117CF64B24A1029500A4D9D4 /* silversalmoncreek.jpg in Resources */,
				117CF64C24A1029500A4D9D4 /* stmarylake_feature.jpg in Resources */,
				117CF65324A1029500A4D9D4 /* hikeData.json in Resources */,
				117CF64424A1029500A4D9D4 /* charleyrivers.jpg in Resources */,
				117CF64724A1029500A4D9D4 /* hiddenlake.jpg in Resources */,
				117CF64F24A1029500A4D9D4 /* turtlerock.jpg in Resources */,
			);
			runOnlyForDeploymentPostprocessing = 0;
		};
/* End PBXResourcesBuildPhase section */

/* Begin PBXSourcesBuildPhase section */
		113CB084249FF11000943824 /* Sources */ = {
			isa = PBXSourcesBuildPhase;
			buildActionMask = 2147483647;
			files = (
				11ABDE6824A0517000D97154 /* CategoryRow.swift in Sources */,
				11ABDE6D24A059A700D97154 /* Profile.swift in Sources */,
				11ABDE6424A03AE200D97154 /* GraphCapsule.swift in Sources */,
				11ABDE6624A04FB300D97154 /* CategoryHome.swift in Sources */,
				117CF60024A0E77900A4D9D4 /* FeatureCard.swift in Sources */,
				11ABDE6B24A0595C00D97154 /* ProfileHost.swift in Sources */,
				113CB0A724A0065F00943824 /* Data.swift in Sources */,
				117CF5FE24A0E6A800A4D9D4 /* PageView.swift in Sources */,
				11ABDE5E24A039EA00D97154 /* HikeGraph.swift in Sources */,
				11ABDE5224A02C6A00D97154 /* BadgeBackground.swift in Sources */,
				11ABDE6024A03A2700D97154 /* Hike.swift in Sources */,
				113CB08C249FF11000943824 /* AppDelegate.swift in Sources */,
				113CB0A0249FF9D300943824 /* CircleImage.swift in Sources */,
				113CB0A2249FFBA800943824 /* MapView.swift in Sources */,
				11ABDE5C24A039BF00D97154 /* HikeView.swift in Sources */,
				11ABDE5024A02BE500D97154 /* HexagonParameters.swift in Sources */,
				11ABDE3224A012EF00D97154 /* LandmarkList.swift in Sources */,
				117CF5FC24A0E5C300A4D9D4 /* PageViewController.swift in Sources */,
				113CB08E249FF11000943824 /* SceneDelegate.swift in Sources */,
				11ABDE7324A05C3300D97154 /* HikeBadge.swift in Sources */,
				11ABDE5824A034C500D97154 /* RotatedBadgeSymbol.swift in Sources */,
				11ABDE5624A0319B00D97154 /* BadgeSymbol.swift in Sources */,
				113CB090249FF11000943824 /* LandmarkDetail.swift in Sources */,
				113CB0AD24A00FC700943824 /* LandmarkRow.swift in Sources */,
				11ABDE4E24A025D900D97154 /* UserData.swift in Sources */,
				11ABDE5424A0312100D97154 /* Badge.swift in Sources */,
				11ABDE7124A05B0B00D97154 /* ProfileSummary.swift in Sources */,
				117CF60824A0EE3700A4D9D4 /* PageControl.swift in Sources */,
				113CB0A424A003EA00943824 /* Landmark.swift in Sources */,
				11ABDE5A24A039A200D97154 /* HikeDetail.swift in Sources */,
				117CF5FA24A0603900A4D9D4 /* ProfileEditor.swift in Sources */,
			);
			runOnlyForDeploymentPostprocessing = 0;
		};
		117CF61624A1017D00A4D9D4 /* Sources */ = {
			isa = PBXSourcesBuildPhase;
			buildActionMask = 2147483647;
			files = (
				117CF63C24A1024600A4D9D4 /* Data.swift in Sources */,
				117CF65824A108A300A4D9D4 /* WatchMapView.swift in Sources */,
				117CF63F24A1024600A4D9D4 /* Profile.swift in Sources */,
				117CF62224A1017D00A4D9D4 /* HostingController.swift in Sources */,
				117CF62024A1017D00A4D9D4 /* ContentView.swift in Sources */,
				117CF63B24A1024600A4D9D4 /* LandmarkRow.swift in Sources */,
				117CF64124A1024600A4D9D4 /* CircleImage.swift in Sources */,
				117CF64024A1024600A4D9D4 /* UserData.swift in Sources */,
				117CF62624A1017D00A4D9D4 /* NotificationController.swift in Sources */,
				117CF63E24A1024600A4D9D4 /* Landmark.swift in Sources */,
				117CF65624A103A200A4D9D4 /* WatchLandmarkDetail.swift in Sources */,
				117CF62424A1017D00A4D9D4 /* ExtensionDelegate.swift in Sources */,
				117CF63D24A1024600A4D9D4 /* Hike.swift in Sources */,
				117CF62824A1017D00A4D9D4 /* NotificationView.swift in Sources */,
			);
			runOnlyForDeploymentPostprocessing = 0;
		};
/* End PBXSourcesBuildPhase section */

/* Begin PBXTargetDependency section */
		117CF61D24A1017D00A4D9D4 /* PBXTargetDependency */ = {
			isa = PBXTargetDependency;
			target = 117CF61924A1017D00A4D9D4 /* WatchLandmarks Extension */;
			targetProxy = 117CF61C24A1017D00A4D9D4 /* PBXContainerItemProxy */;
		};
		117CF63124A1017E00A4D9D4 /* PBXTargetDependency */ = {
			isa = PBXTargetDependency;
			target = 117CF60D24A1017B00A4D9D4 /* WatchLandmarks */;
			targetProxy = 117CF63024A1017E00A4D9D4 /* PBXContainerItemProxy */;
		};
/* End PBXTargetDependency section */

/* Begin PBXVariantGroup section */
		113CB096249FF11200943824 /* LaunchScreen.storyboard */ = {
			isa = PBXVariantGroup;
			children = (
				113CB097249FF11200943824 /* Base */,
			);
			name = LaunchScreen.storyboard;
			sourceTree = "<group>";
		};
		117CF61024A1017B00A4D9D4 /* Interface.storyboard */ = {
			isa = PBXVariantGroup;
			children = (
				117CF61124A1017B00A4D9D4 /* Base */,
			);
			name = Interface.storyboard;
			sourceTree = "<group>";
		};
/* End PBXVariantGroup section */

/* Begin XCBuildConfiguration section */
		113CB09A249FF11200943824 /* Debug */ = {
			isa = XCBuildConfiguration;
			buildSettings = {
				ALWAYS_SEARCH_USER_PATHS = NO;
				CLANG_ANALYZER_NONNULL = YES;
				CLANG_ANALYZER_NUMBER_OBJECT_CONVERSION = YES_AGGRESSIVE;
				CLANG_CXX_LANGUAGE_STANDARD = "gnu++14";
				CLANG_CXX_LIBRARY = "libc++";
				CLANG_ENABLE_MODULES = YES;
				CLANG_ENABLE_OBJC_ARC = YES;
				CLANG_ENABLE_OBJC_WEAK = YES;
				CLANG_WARN_BLOCK_CAPTURE_AUTORELEASING = YES;
				CLANG_WARN_BOOL_CONVERSION = YES;
				CLANG_WARN_COMMA = YES;
				CLANG_WARN_CONSTANT_CONVERSION = YES;
				CLANG_WARN_DEPRECATED_OBJC_IMPLEMENTATIONS = YES;
				CLANG_WARN_DIRECT_OBJC_ISA_USAGE = YES_ERROR;
				CLANG_WARN_DOCUMENTATION_COMMENTS = YES;
				CLANG_WARN_EMPTY_BODY = YES;
				CLANG_WARN_ENUM_CONVERSION = YES;
				CLANG_WARN_INFINITE_RECURSION = YES;
				CLANG_WARN_INT_CONVERSION = YES;
				CLANG_WARN_NON_LITERAL_NULL_CONVERSION = YES;
				CLANG_WARN_OBJC_IMPLICIT_RETAIN_SELF = YES;
				CLANG_WARN_OBJC_LITERAL_CONVERSION = YES;
				CLANG_WARN_OBJC_ROOT_CLASS = YES_ERROR;
				CLANG_WARN_RANGE_LOOP_ANALYSIS = YES;
				CLANG_WARN_STRICT_PROTOTYPES = YES;
				CLANG_WARN_SUSPICIOUS_MOVE = YES;
				CLANG_WARN_UNGUARDED_AVAILABILITY = YES_AGGRESSIVE;
				CLANG_WARN_UNREACHABLE_CODE = YES;
				CLANG_WARN__DUPLICATE_METHOD_MATCH = YES;
				COPY_PHASE_STRIP = NO;
				DEBUG_INFORMATION_FORMAT = dwarf;
				ENABLE_STRICT_OBJC_MSGSEND = YES;
				ENABLE_TESTABILITY = YES;
				GCC_C_LANGUAGE_STANDARD = gnu11;
				GCC_DYNAMIC_NO_PIC = NO;
				GCC_NO_COMMON_BLOCKS = YES;
				GCC_OPTIMIZATION_LEVEL = 0;
				GCC_PREPROCESSOR_DEFINITIONS = (
					"DEBUG=1",
					"$(inherited)",
				);
				GCC_WARN_64_TO_32_BIT_CONVERSION = YES;
				GCC_WARN_ABOUT_RETURN_TYPE = YES_ERROR;
				GCC_WARN_UNDECLARED_SELECTOR = YES;
				GCC_WARN_UNINITIALIZED_AUTOS = YES_AGGRESSIVE;
				GCC_WARN_UNUSED_FUNCTION = YES;
				GCC_WARN_UNUSED_VARIABLE = YES;
				IPHONEOS_DEPLOYMENT_TARGET = 13.5;
				MTL_ENABLE_DEBUG_INFO = INCLUDE_SOURCE;
				MTL_FAST_MATH = YES;
				ONLY_ACTIVE_ARCH = YES;
				SDKROOT = iphoneos;
				SWIFT_ACTIVE_COMPILATION_CONDITIONS = DEBUG;
				SWIFT_OPTIMIZATION_LEVEL = "-Onone";
			};
			name = Debug;
		};
		113CB09B249FF11200943824 /* Release */ = {
			isa = XCBuildConfiguration;
			buildSettings = {
				ALWAYS_SEARCH_USER_PATHS = NO;
				CLANG_ANALYZER_NONNULL = YES;
				CLANG_ANALYZER_NUMBER_OBJECT_CONVERSION = YES_AGGRESSIVE;
				CLANG_CXX_LANGUAGE_STANDARD = "gnu++14";
				CLANG_CXX_LIBRARY = "libc++";
				CLANG_ENABLE_MODULES = YES;
				CLANG_ENABLE_OBJC_ARC = YES;
				CLANG_ENABLE_OBJC_WEAK = YES;
				CLANG_WARN_BLOCK_CAPTURE_AUTORELEASING = YES;
				CLANG_WARN_BOOL_CONVERSION = YES;
				CLANG_WARN_COMMA = YES;
				CLANG_WARN_CONSTANT_CONVERSION = YES;
				CLANG_WARN_DEPRECATED_OBJC_IMPLEMENTATIONS = YES;
				CLANG_WARN_DIRECT_OBJC_ISA_USAGE = YES_ERROR;
				CLANG_WARN_DOCUMENTATION_COMMENTS = YES;
				CLANG_WARN_EMPTY_BODY = YES;
				CLANG_WARN_ENUM_CONVERSION = YES;
				CLANG_WARN_INFINITE_RECURSION = YES;
				CLANG_WARN_INT_CONVERSION = YES;
				CLANG_WARN_NON_LITERAL_NULL_CONVERSION = YES;
				CLANG_WARN_OBJC_IMPLICIT_RETAIN_SELF = YES;
				CLANG_WARN_OBJC_LITERAL_CONVERSION = YES;
				CLANG_WARN_OBJC_ROOT_CLASS = YES_ERROR;
				CLANG_WARN_RANGE_LOOP_ANALYSIS = YES;
				CLANG_WARN_STRICT_PROTOTYPES = YES;
				CLANG_WARN_SUSPICIOUS_MOVE = YES;
				CLANG_WARN_UNGUARDED_AVAILABILITY = YES_AGGRESSIVE;
				CLANG_WARN_UNREACHABLE_CODE = YES;
				CLANG_WARN__DUPLICATE_METHOD_MATCH = YES;
				COPY_PHASE_STRIP = NO;
				DEBUG_INFORMATION_FORMAT = "dwarf-with-dsym";
				ENABLE_NS_ASSERTIONS = NO;
				ENABLE_STRICT_OBJC_MSGSEND = YES;
				GCC_C_LANGUAGE_STANDARD = gnu11;
				GCC_NO_COMMON_BLOCKS = YES;
				GCC_WARN_64_TO_32_BIT_CONVERSION = YES;
				GCC_WARN_ABOUT_RETURN_TYPE = YES_ERROR;
				GCC_WARN_UNDECLARED_SELECTOR = YES;
				GCC_WARN_UNINITIALIZED_AUTOS = YES_AGGRESSIVE;
				GCC_WARN_UNUSED_FUNCTION = YES;
				GCC_WARN_UNUSED_VARIABLE = YES;
				IPHONEOS_DEPLOYMENT_TARGET = 13.5;
				MTL_ENABLE_DEBUG_INFO = NO;
				MTL_FAST_MATH = YES;
				SDKROOT = iphoneos;
				SWIFT_COMPILATION_MODE = wholemodule;
				SWIFT_OPTIMIZATION_LEVEL = "-O";
				VALIDATE_PRODUCT = YES;
			};
			name = Release;
		};
		113CB09D249FF11200943824 /* Debug */ = {
			isa = XCBuildConfiguration;
			buildSettings = {
				ASSETCATALOG_COMPILER_APPICON_NAME = AppIcon;
				CODE_SIGN_STYLE = Automatic;
				DEVELOPMENT_ASSET_PATHS = "\"Landmarks/Preview Content\"";
				DEVELOPMENT_TEAM = 3W93N9TV32;
				ENABLE_PREVIEWS = YES;
				INFOPLIST_FILE = Landmarks/Info.plist;
				LD_RUNPATH_SEARCH_PATHS = (
					"$(inherited)",
					"@executable_path/Frameworks",
				);
				PRODUCT_BUNDLE_IDENTIFIER = com.andreev.ae.Landmarks;
				PRODUCT_NAME = "$(TARGET_NAME)";
				SWIFT_VERSION = 5.0;
				TARGETED_DEVICE_FAMILY = "1,2";
			};
			name = Debug;
		};
		113CB09E249FF11200943824 /* Release */ = {
			isa = XCBuildConfiguration;
			buildSettings = {
				ASSETCATALOG_COMPILER_APPICON_NAME = AppIcon;
				CODE_SIGN_STYLE = Automatic;
				DEVELOPMENT_ASSET_PATHS = "\"Landmarks/Preview Content\"";
				DEVELOPMENT_TEAM = 3W93N9TV32;
				ENABLE_PREVIEWS = YES;
				INFOPLIST_FILE = Landmarks/Info.plist;
				LD_RUNPATH_SEARCH_PATHS = (
					"$(inherited)",
					"@executable_path/Frameworks",
				);
				PRODUCT_BUNDLE_IDENTIFIER = com.andreev.ae.Landmarks;
				PRODUCT_NAME = "$(TARGET_NAME)";
				SWIFT_VERSION = 5.0;
				TARGETED_DEVICE_FAMILY = "1,2";
			};
			name = Release;
		};
		117CF63424A1017E00A4D9D4 /* Debug */ = {
			isa = XCBuildConfiguration;
			buildSettings = {
				ASSETCATALOG_COMPILER_COMPLICATION_NAME = Complication;
				CODE_SIGN_STYLE = Automatic;
				DEVELOPMENT_ASSET_PATHS = "\"WatchLandmarks Extension/Preview Content\"";
				DEVELOPMENT_TEAM = 3W93N9TV32;
				ENABLE_PREVIEWS = YES;
				INFOPLIST_FILE = "WatchLandmarks Extension/Info.plist";
				LD_RUNPATH_SEARCH_PATHS = (
					"$(inherited)",
					"@executable_path/Frameworks",
					"@executable_path/../../Frameworks",
				);
				PRODUCT_BUNDLE_IDENTIFIER = com.andreev.ae.Landmarks.watchkitapp.watchkitextension;
				PRODUCT_NAME = "${TARGET_NAME}";
				SDKROOT = watchos;
				SKIP_INSTALL = YES;
				SWIFT_VERSION = 5.0;
				TARGETED_DEVICE_FAMILY = 4;
				WATCHOS_DEPLOYMENT_TARGET = 6.2;
			};
			name = Debug;
		};
		117CF63524A1017E00A4D9D4 /* Release */ = {
			isa = XCBuildConfiguration;
			buildSettings = {
				ASSETCATALOG_COMPILER_COMPLICATION_NAME = Complication;
				CODE_SIGN_STYLE = Automatic;
				DEVELOPMENT_ASSET_PATHS = "\"WatchLandmarks Extension/Preview Content\"";
				DEVELOPMENT_TEAM = 3W93N9TV32;
				ENABLE_PREVIEWS = YES;
				INFOPLIST_FILE = "WatchLandmarks Extension/Info.plist";
				LD_RUNPATH_SEARCH_PATHS = (
					"$(inherited)",
					"@executable_path/Frameworks",
					"@executable_path/../../Frameworks",
				);
				PRODUCT_BUNDLE_IDENTIFIER = com.andreev.ae.Landmarks.watchkitapp.watchkitextension;
				PRODUCT_NAME = "${TARGET_NAME}";
				SDKROOT = watchos;
				SKIP_INSTALL = YES;
				SWIFT_VERSION = 5.0;
				TARGETED_DEVICE_FAMILY = 4;
				WATCHOS_DEPLOYMENT_TARGET = 6.2;
			};
			name = Release;
		};
		117CF63824A1017E00A4D9D4 /* Debug */ = {
			isa = XCBuildConfiguration;
			buildSettings = {
				ALWAYS_EMBED_SWIFT_STANDARD_LIBRARIES = YES;
				ASSETCATALOG_COMPILER_APPICON_NAME = AppIcon;
				CODE_SIGN_STYLE = Automatic;
				DEVELOPMENT_TEAM = 3W93N9TV32;
				IBSC_MODULE = WatchLandmarks_Extension;
				INFOPLIST_FILE = WatchLandmarks/Info.plist;
				PRODUCT_BUNDLE_IDENTIFIER = com.andreev.ae.Landmarks.watchkitapp;
				PRODUCT_NAME = "$(TARGET_NAME)";
				SDKROOT = watchos;
				SKIP_INSTALL = YES;
				SWIFT_VERSION = 5.0;
				TARGETED_DEVICE_FAMILY = 4;
				WATCHOS_DEPLOYMENT_TARGET = 6.2;
			};
			name = Debug;
		};
		117CF63924A1017E00A4D9D4 /* Release */ = {
			isa = XCBuildConfiguration;
			buildSettings = {
				ALWAYS_EMBED_SWIFT_STANDARD_LIBRARIES = YES;
				ASSETCATALOG_COMPILER_APPICON_NAME = AppIcon;
				CODE_SIGN_STYLE = Automatic;
				DEVELOPMENT_TEAM = 3W93N9TV32;
				IBSC_MODULE = WatchLandmarks_Extension;
				INFOPLIST_FILE = WatchLandmarks/Info.plist;
				PRODUCT_BUNDLE_IDENTIFIER = com.andreev.ae.Landmarks.watchkitapp;
				PRODUCT_NAME = "$(TARGET_NAME)";
				SDKROOT = watchos;
				SKIP_INSTALL = YES;
				SWIFT_VERSION = 5.0;
				TARGETED_DEVICE_FAMILY = 4;
				WATCHOS_DEPLOYMENT_TARGET = 6.2;
			};
			name = Release;
		};
/* End XCBuildConfiguration section */

/* Begin XCConfigurationList section */
		113CB083249FF11000943824 /* Build configuration list for PBXProject "Landmarks" */ = {
			isa = XCConfigurationList;
			buildConfigurations = (
				113CB09A249FF11200943824 /* Debug */,
				113CB09B249FF11200943824 /* Release */,
			);
			defaultConfigurationIsVisible = 0;
			defaultConfigurationName = Release;
		};
		113CB09C249FF11200943824 /* Build configuration list for PBXNativeTarget "Landmarks" */ = {
			isa = XCConfigurationList;
			buildConfigurations = (
				113CB09D249FF11200943824 /* Debug */,
				113CB09E249FF11200943824 /* Release */,
			);
			defaultConfigurationIsVisible = 0;
			defaultConfigurationName = Release;
		};
		117CF63324A1017E00A4D9D4 /* Build configuration list for PBXNativeTarget "WatchLandmarks Extension" */ = {
			isa = XCConfigurationList;
			buildConfigurations = (
				117CF63424A1017E00A4D9D4 /* Debug */,
				117CF63524A1017E00A4D9D4 /* Release */,
			);
			defaultConfigurationIsVisible = 0;
			defaultConfigurationName = Release;
		};
		117CF63724A1017E00A4D9D4 /* Build configuration list for PBXNativeTarget "WatchLandmarks" */ = {
			isa = XCConfigurationList;
			buildConfigurations = (
				117CF63824A1017E00A4D9D4 /* Debug */,
				117CF63924A1017E00A4D9D4 /* Release */,
			);
			defaultConfigurationIsVisible = 0;
			defaultConfigurationName = Release;
		};
/* End XCConfigurationList section */
	};
	rootObject = 113CB080249FF11000943824 /* Project object */;
}
